// !$*UTF8*$!
{
	archiveVersion = 1;
	classes = {
	};
	objectVersion = 56;
	objects = {

/* Begin PBXBuildFile section */
		1F0722022B32D42A008B80A0 /* Todo.swift in Sources */ = {isa = PBXBuildFile; fileRef = 1F0722012B32D42A008B80A0 /* Todo.swift */; };
		1F0722042B32D7C3008B80A0 /* EventCategory.swift in Sources */ = {isa = PBXBuildFile; fileRef = 1F0722032B32D7C3008B80A0 /* EventCategory.swift */; };
		1F1074AC2B6BC6ED002AADEF /* GoalDBManager.swift in Sources */ = {isa = PBXBuildFile; fileRef = 1F1074AB2B6BC6ED002AADEF /* GoalDBManager.swift */; };
		1F1074AE2B6BC6F7002AADEF /* GoalEditManager.swift in Sources */ = {isa = PBXBuildFile; fileRef = 1F1074AD2B6BC6F7002AADEF /* GoalEditManager.swift */; };
		1F1074B02B6BC700002AADEF /* GoalFilterManager.swift in Sources */ = {isa = PBXBuildFile; fileRef = 1F1074AF2B6BC700002AADEF /* GoalFilterManager.swift */; };
		1F10AF5A2B5A9AF2001EE0A3 /* NTEmojiPicker.swift in Sources */ = {isa = PBXBuildFile; fileRef = 1F10AF592B5A9AF2001EE0A3 /* NTEmojiPicker.swift */; };
		1F10AF5C2B5AD057001EE0A3 /* Int+toEmoji.swift in Sources */ = {isa = PBXBuildFile; fileRef = 1F10AF5B2B5AD057001EE0A3 /* Int+toEmoji.swift */; };
		1F12142F2B37106000DB04CD /* SubTodo.swift in Sources */ = {isa = PBXBuildFile; fileRef = 1F12142E2B37106000DB04CD /* SubTodo.swift */; };
		1F15DB692B52248A00ECDEC7 /* CheckPickerManger.swift in Sources */ = {isa = PBXBuildFile; fileRef = 1F15DB682B52248A00ECDEC7 /* CheckPickerManger.swift */; };
		1F24EF382B3680C700FA6B25 /* CalendarDayView.swift in Sources */ = {isa = PBXBuildFile; fileRef = 1F24EF372B3680C700FA6B25 /* CalendarDayView.swift */; };
		1F2565F82B42B6CC000CD6CA /* Goal.swift in Sources */ = {isa = PBXBuildFile; fileRef = 1F2565F72B42B6CC000CD6CA /* Goal.swift */; };
		1F2565FB2B42BC4A000CD6CA /* GoalFilter.swift in Sources */ = {isa = PBXBuildFile; fileRef = 1F2565FA2B42BC4A000CD6CA /* GoalFilter.swift */; };
		1F2565FD2B42BD39000CD6CA /* GoalManager.swift in Sources */ = {isa = PBXBuildFile; fileRef = 1F2565FC2B42BD39000CD6CA /* GoalManager.swift */; };
		1F2566082B42D9A0000CD6CA /* GoalDuration.swift in Sources */ = {isa = PBXBuildFile; fileRef = 1F2566072B42D9A0000CD6CA /* GoalDuration.swift */; };
		1F376E822B569ED000DA43AD /* NTColorPicker.swift in Sources */ = {isa = PBXBuildFile; fileRef = 1F376E812B569ED000DA43AD /* NTColorPicker.swift */; };
		1F3771612B49001A00334065 /* NTPicker.swift in Sources */ = {isa = PBXBuildFile; fileRef = 1F3771602B49001A00334065 /* NTPicker.swift */; };
		1F3E08362B4AD51B0092F7AF /* Bool+Comparable.swift in Sources */ = {isa = PBXBuildFile; fileRef = 1F3E08352B4AD51B0092F7AF /* Bool+Comparable.swift */; };
		1F3E08382B4AD95B0092F7AF /* TodoState.swift in Sources */ = {isa = PBXBuildFile; fileRef = 1F3E08372B4AD95B0092F7AF /* TodoState.swift */; };
		1F42CFF92B5B5D9800008787 /* String+toColor.swift in Sources */ = {isa = PBXBuildFile; fileRef = 1F42CFF82B5B5D9800008787 /* String+toColor.swift */; };
		1F4631FD2B4436AE007B89C5 /* GoalFormView.swift in Sources */ = {isa = PBXBuildFile; fileRef = 1F4631FC2B4436AE007B89C5 /* GoalFormView.swift */; };
		1F59FE7C2B483F5C0067BEA2 /* GoalView.swift in Sources */ = {isa = PBXBuildFile; fileRef = 1F59FE7B2B483F5C0067BEA2 /* GoalView.swift */; };
		1F59FE8C2B4841600067BEA2 /* CheckListView.swift in Sources */ = {isa = PBXBuildFile; fileRef = 1F59FE8B2B4841600067BEA2 /* CheckListView.swift */; };
		1F59FE8F2B48440A0067BEA2 /* StatisticsView.swift in Sources */ = {isa = PBXBuildFile; fileRef = 1F59FE8E2B48440A0067BEA2 /* StatisticsView.swift */; };
		1F59FE932B48463A0067BEA2 /* NTModelContainer.swift in Sources */ = {isa = PBXBuildFile; fileRef = 1F59FE922B48463A0067BEA2 /* NTModelContainer.swift */; };
		1F59FE952B484A460067BEA2 /* CheckTab.swift in Sources */ = {isa = PBXBuildFile; fileRef = 1F59FE942B484A460067BEA2 /* CheckTab.swift */; };
		1F638A0A2B3291FA004D32C9 /* NoticeApp.swift in Sources */ = {isa = PBXBuildFile; fileRef = 1F638A092B3291FA004D32C9 /* NoticeApp.swift */; };
		1F638A0C2B3291FA004D32C9 /* MainView.swift in Sources */ = {isa = PBXBuildFile; fileRef = 1F638A0B2B3291FA004D32C9 /* MainView.swift */; };
		1F638A102B3291FB004D32C9 /* Assets.xcassets in Resources */ = {isa = PBXBuildFile; fileRef = 1F638A0F2B3291FB004D32C9 /* Assets.xcassets */; };
		1F638A142B3291FB004D32C9 /* Preview Assets.xcassets in Resources */ = {isa = PBXBuildFile; fileRef = 1F638A132B3291FB004D32C9 /* Preview Assets.xcassets */; };
		1F638A1F2B3291FB004D32C9 /* NoticeTests.swift in Sources */ = {isa = PBXBuildFile; fileRef = 1F638A1E2B3291FB004D32C9 /* NoticeTests.swift */; };
		1F638A292B3291FB004D32C9 /* NoticeUITests.swift in Sources */ = {isa = PBXBuildFile; fileRef = 1F638A282B3291FB004D32C9 /* NoticeUITests.swift */; };
		1F638A2B2B3291FB004D32C9 /* NoticeUITestsLaunchTests.swift in Sources */ = {isa = PBXBuildFile; fileRef = 1F638A2A2B3291FB004D32C9 /* NoticeUITestsLaunchTests.swift */; };
		1F638A3A2B329236004D32C9 /* .gitignore in Resources */ = {isa = PBXBuildFile; fileRef = 1F638A392B329236004D32C9 /* .gitignore */; };
		1F638A642B329275004D32C9 /* Event.swift in Sources */ = {isa = PBXBuildFile; fileRef = 1F638A412B329275004D32C9 /* Event.swift */; };
		1F638A652B329275004D32C9 /* EventView.swift in Sources */ = {isa = PBXBuildFile; fileRef = 1F638A432B329275004D32C9 /* EventView.swift */; };
		1F638A662B329275004D32C9 /* CalendarDetailView.swift in Sources */ = {isa = PBXBuildFile; fileRef = 1F638A442B329275004D32C9 /* CalendarDetailView.swift */; };
		1F638A672B329275004D32C9 /* MSDaysView.swift in Sources */ = {isa = PBXBuildFile; fileRef = 1F638A462B329275004D32C9 /* MSDaysView.swift */; };
		1F638A682B329275004D32C9 /* MSCalendar.swift in Sources */ = {isa = PBXBuildFile; fileRef = 1F638A472B329275004D32C9 /* MSCalendar.swift */; };
		1F638A692B329275004D32C9 /* Calendar+.swift in Sources */ = {isa = PBXBuildFile; fileRef = 1F638A482B329275004D32C9 /* Calendar+.swift */; };
		1F638A6A2B329275004D32C9 /* MSWeekTitleView.swift in Sources */ = {isa = PBXBuildFile; fileRef = 1F638A492B329275004D32C9 /* MSWeekTitleView.swift */; };
		1F638A6B2B329275004D32C9 /* MSDayView.swift in Sources */ = {isa = PBXBuildFile; fileRef = 1F638A4A2B329275004D32C9 /* MSDayView.swift */; };
		1F638A6C2B329275004D32C9 /* Date+.swift in Sources */ = {isa = PBXBuildFile; fileRef = 1F638A4B2B329275004D32C9 /* Date+.swift */; };
		1F638A6D2B329275004D32C9 /* MSInfinteMonthView.swift in Sources */ = {isa = PBXBuildFile; fileRef = 1F638A4C2B329275004D32C9 /* MSInfinteMonthView.swift */; };
		1F638A6E2B329275004D32C9 /* CalendarFormView.swift in Sources */ = {isa = PBXBuildFile; fileRef = 1F638A4D2B329275004D32C9 /* CalendarFormView.swift */; };
		1F638A6F2B329275004D32C9 /* CalendarView.swift in Sources */ = {isa = PBXBuildFile; fileRef = 1F638A4E2B329275004D32C9 /* CalendarView.swift */; };
		1F638A752B329275004D32C9 /* TodoFormView.swift in Sources */ = {isa = PBXBuildFile; fileRef = 1F638A5B2B329275004D32C9 /* TodoFormView.swift */; };
		1F638A762B329275004D32C9 /* TodoView.swift in Sources */ = {isa = PBXBuildFile; fileRef = 1F638A5C2B329275004D32C9 /* TodoView.swift */; };
		1F638A772B329275004D32C9 /* TodoCellView.swift in Sources */ = {isa = PBXBuildFile; fileRef = 1F638A5D2B329275004D32C9 /* TodoCellView.swift */; };
		1F638A782B329275004D32C9 /* MemoView.swift in Sources */ = {isa = PBXBuildFile; fileRef = 1F638A5F2B329275004D32C9 /* MemoView.swift */; };
		1F638A7E2B32927E004D32C9 /* Dawn.swift in Sources */ = {isa = PBXBuildFile; fileRef = 1F638A7B2B32927E004D32C9 /* Dawn.swift */; };
		1F638A7F2B32927E004D32C9 /* Forest.swift in Sources */ = {isa = PBXBuildFile; fileRef = 1F638A7C2B32927E004D32C9 /* Forest.swift */; };
		1F638A802B32927E004D32C9 /* Theme.swift in Sources */ = {isa = PBXBuildFile; fileRef = 1F638A7D2B32927E004D32C9 /* Theme.swift */; };
		1F638A8B2B3292D5004D32C9 /* Tabs.swift in Sources */ = {isa = PBXBuildFile; fileRef = 1F638A852B3292D5004D32C9 /* Tabs.swift */; };
		1F638A8C2B3292D5004D32C9 /* TabIcon.swift in Sources */ = {isa = PBXBuildFile; fileRef = 1F638A872B3292D5004D32C9 /* TabIcon.swift */; };
		1F638A8D2B3292D5004D32C9 /* CustomTabView.swift in Sources */ = {isa = PBXBuildFile; fileRef = 1F638A882B3292D5004D32C9 /* CustomTabView.swift */; };
		1F638A902B3292DC004D32C9 /* AppState.swift in Sources */ = {isa = PBXBuildFile; fileRef = 1F638A8F2B3292DC004D32C9 /* AppState.swift */; };
		1F6948862B75C3C500BEFB0F /* QuickMemoEditView.swift in Sources */ = {isa = PBXBuildFile; fileRef = 1F6948852B75C3C500BEFB0F /* QuickMemoEditView.swift */; };
		1F6948882B75E09900BEFB0F /* FoldersView.swift in Sources */ = {isa = PBXBuildFile; fileRef = 1F6948872B75E09900BEFB0F /* FoldersView.swift */; };
		1F69488D2B75E5CA00BEFB0F /* MemoManager.swift in Sources */ = {isa = PBXBuildFile; fileRef = 1F69488C2B75E5CA00BEFB0F /* MemoManager.swift */; };
		1F6948902B75E75E00BEFB0F /* MemoFolderManager.swift in Sources */ = {isa = PBXBuildFile; fileRef = 1F69488F2B75E75E00BEFB0F /* MemoFolderManager.swift */; };
		1F6948922B75E80300BEFB0F /* Folder.swift in Sources */ = {isa = PBXBuildFile; fileRef = 1F6948912B75E80300BEFB0F /* Folder.swift */; };
		1F6948942B75E80B00BEFB0F /* Memo.swift in Sources */ = {isa = PBXBuildFile; fileRef = 1F6948932B75E80B00BEFB0F /* Memo.swift */; };
		1F6948962B75FC2500BEFB0F /* NormalMemoManager.swift in Sources */ = {isa = PBXBuildFile; fileRef = 1F6948952B75FC2500BEFB0F /* NormalMemoManager.swift */; };
		1F6948982B76048D00BEFB0F /* FolderEditView.swift in Sources */ = {isa = PBXBuildFile; fileRef = 1F6948972B76048D00BEFB0F /* FolderEditView.swift */; };
		1F69489A2B76178700BEFB0F /* QuickMemoManager.swift in Sources */ = {isa = PBXBuildFile; fileRef = 1F6948992B76178700BEFB0F /* QuickMemoManager.swift */; };
		1F69489C2B76427300BEFB0F /* QuickMemo.swift in Sources */ = {isa = PBXBuildFile; fileRef = 1F69489B2B76427300BEFB0F /* QuickMemo.swift */; };
		1F69489E2B76450F00BEFB0F /* NormalMemoListView.swift in Sources */ = {isa = PBXBuildFile; fileRef = 1F69489D2B76450F00BEFB0F /* NormalMemoListView.swift */; };
		1F6948A02B76474D00BEFB0F /* QuickMemoListView.swift in Sources */ = {isa = PBXBuildFile; fileRef = 1F69489F2B76474D00BEFB0F /* QuickMemoListView.swift */; };
		1F6948A32B765C9C00BEFB0F /* QuickMemoView.swift in Sources */ = {isa = PBXBuildFile; fileRef = 1F6948A22B765C9C00BEFB0F /* QuickMemoView.swift */; };
		1F838C872B5EBADC00C17A99 /* TodoFilter.swift in Sources */ = {isa = PBXBuildFile; fileRef = 1F838C862B5EBADC00C17A99 /* TodoFilter.swift */; };
		1F838C8D2B5EBC7700C17A99 /* RoutineView.swift in Sources */ = {isa = PBXBuildFile; fileRef = 1F838C8C2B5EBC7700C17A99 /* RoutineView.swift */; };
		1F838C8F2B5EBC8F00C17A99 /* RoutineFormView.swift in Sources */ = {isa = PBXBuildFile; fileRef = 1F838C8E2B5EBC8F00C17A99 /* RoutineFormView.swift */; };
		1F838C912B5EBCB400C17A99 /* RoutineCellView.swift in Sources */ = {isa = PBXBuildFile; fileRef = 1F838C902B5EBCB400C17A99 /* RoutineCellView.swift */; };
		1F838C942B5EBCE500C17A99 /* GrassView.swift in Sources */ = {isa = PBXBuildFile; fileRef = 1F838C932B5EBCE500C17A99 /* GrassView.swift */; };
		1F838C972B5EBD3000C17A99 /* Routine.swift in Sources */ = {isa = PBXBuildFile; fileRef = 1F838C962B5EBD3000C17A99 /* Routine.swift */; };
		1F838C992B5EBD4700C17A99 /* PerformedDate.swift in Sources */ = {isa = PBXBuildFile; fileRef = 1F838C982B5EBD4700C17A99 /* PerformedDate.swift */; };
		1F838C9C2B5EBDAD00C17A99 /* RoutineManager.swift in Sources */ = {isa = PBXBuildFile; fileRef = 1F838C9B2B5EBDAD00C17A99 /* RoutineManager.swift */; };
		1F838C9F2B5EBE4600C17A99 /* TodoManager.swift in Sources */ = {isa = PBXBuildFile; fileRef = 1F838C9E2B5EBE4600C17A99 /* TodoManager.swift */; };
		1F838CA22B5EBFBE00C17A99 /* NTFormatter.swift in Sources */ = {isa = PBXBuildFile; fileRef = 1F838CA12B5EBFBE00C17A99 /* NTFormatter.swift */; };
		1F838CA72B5EC2D500C17A99 /* TodoDBManager.swift in Sources */ = {isa = PBXBuildFile; fileRef = 1F838CA62B5EC2D500C17A99 /* TodoDBManager.swift */; };
		1F838CA92B5EC46E00C17A99 /* TodoEditManager.swift in Sources */ = {isa = PBXBuildFile; fileRef = 1F838CA82B5EC46E00C17A99 /* TodoEditManager.swift */; };
		1F838CAD2B5EC51300C17A99 /* TodoFilterManager.swift in Sources */ = {isa = PBXBuildFile; fileRef = 1F838CAC2B5EC51300C17A99 /* TodoFilterManager.swift */; };
		1F93D5A72B53841E002FA726 /* UnderwayCellView.swift in Sources */ = {isa = PBXBuildFile; fileRef = 1F93D5A62B53841E002FA726 /* UnderwayCellView.swift */; };
		1F93D5AB2B5384F4002FA726 /* UnderwayListView.swift in Sources */ = {isa = PBXBuildFile; fileRef = 1F93D5AA2B5384F4002FA726 /* UnderwayListView.swift */; };
		1F93D5AD2B53850C002FA726 /* SuccessListView.swift in Sources */ = {isa = PBXBuildFile; fileRef = 1F93D5AC2B53850C002FA726 /* SuccessListView.swift */; };
		1F93D5AF2B538518002FA726 /* FailureListView.swift in Sources */ = {isa = PBXBuildFile; fileRef = 1F93D5AE2B538518002FA726 /* FailureListView.swift */; };
		1F93EEA12B555E7500A5C757 /* SuccessCellView.swift in Sources */ = {isa = PBXBuildFile; fileRef = 1F93EEA02B555E7500A5C757 /* SuccessCellView.swift */; };
		1F93EEA32B55680E00A5C757 /* FailureCellView.swift in Sources */ = {isa = PBXBuildFile; fileRef = 1F93EEA22B55680E00A5C757 /* FailureCellView.swift */; };
		1FA4560C2B5D49A4001A853F /* FormContainer.swift in Sources */ = {isa = PBXBuildFile; fileRef = 1FA4560B2B5D49A4001A853F /* FormContainer.swift */; };
		1FA456142B5E997B001A853F /* AlertToast in Frameworks */ = {isa = PBXBuildFile; productRef = 1FA456132B5E997B001A853F /* AlertToast */; };
		1FB4E21C2B77199D0046FC97 /* NormalMemoView.swift in Sources */ = {isa = PBXBuildFile; fileRef = 1FB4E21B2B77199D0046FC97 /* NormalMemoView.swift */; };
		1FCD30EE2B6FD18900A6AA2F /* CalendarManager.swift in Sources */ = {isa = PBXBuildFile; fileRef = 1FCD30ED2B6FD18900A6AA2F /* CalendarManager.swift */; };
		1FCD30F12B6FD1C500A6AA2F /* CalendarDBManager.swift in Sources */ = {isa = PBXBuildFile; fileRef = 1FCD30F02B6FD1C500A6AA2F /* CalendarDBManager.swift */; };
		1FCD30F32B6FD1D000A6AA2F /* CalendarEditManager.swift in Sources */ = {isa = PBXBuildFile; fileRef = 1FCD30F22B6FD1D000A6AA2F /* CalendarEditManager.swift */; };
		1FCD30F52B6FD62D00A6AA2F /* CalendarHandler.swift in Sources */ = {isa = PBXBuildFile; fileRef = 1FCD30F42B6FD62D00A6AA2F /* CalendarHandler.swift */; };
		1FFC483E2B67EC6900B0D77A /* RoutineDBManager.swift in Sources */ = {isa = PBXBuildFile; fileRef = 1FFC483D2B67EC6800B0D77A /* RoutineDBManager.swift */; };
		1FFC48402B67EC7A00B0D77A /* RoutineEditManager.swift in Sources */ = {isa = PBXBuildFile; fileRef = 1FFC483F2B67EC7A00B0D77A /* RoutineEditManager.swift */; };
/* End PBXBuildFile section */

/* Begin PBXContainerItemProxy section */
		1F638A1B2B3291FB004D32C9 /* PBXContainerItemProxy */ = {
			isa = PBXContainerItemProxy;
			containerPortal = 1F6389FE2B3291F9004D32C9 /* Project object */;
			proxyType = 1;
			remoteGlobalIDString = 1F638A052B3291FA004D32C9;
			remoteInfo = Notice;
		};
		1F638A252B3291FB004D32C9 /* PBXContainerItemProxy */ = {
			isa = PBXContainerItemProxy;
			containerPortal = 1F6389FE2B3291F9004D32C9 /* Project object */;
			proxyType = 1;
			remoteGlobalIDString = 1F638A052B3291FA004D32C9;
			remoteInfo = Notice;
		};
/* End PBXContainerItemProxy section */

/* Begin PBXFileReference section */
		1F0722012B32D42A008B80A0 /* Todo.swift */ = {isa = PBXFileReference; lastKnownFileType = sourcecode.swift; path = Todo.swift; sourceTree = "<group>"; };
		1F0722032B32D7C3008B80A0 /* EventCategory.swift */ = {isa = PBXFileReference; lastKnownFileType = sourcecode.swift; path = EventCategory.swift; sourceTree = "<group>"; };
		1F1074AB2B6BC6ED002AADEF /* GoalDBManager.swift */ = {isa = PBXFileReference; lastKnownFileType = sourcecode.swift; path = GoalDBManager.swift; sourceTree = "<group>"; };
		1F1074AD2B6BC6F7002AADEF /* GoalEditManager.swift */ = {isa = PBXFileReference; lastKnownFileType = sourcecode.swift; path = GoalEditManager.swift; sourceTree = "<group>"; };
		1F1074AF2B6BC700002AADEF /* GoalFilterManager.swift */ = {isa = PBXFileReference; lastKnownFileType = sourcecode.swift; path = GoalFilterManager.swift; sourceTree = "<group>"; };
		1F10AF592B5A9AF2001EE0A3 /* NTEmojiPicker.swift */ = {isa = PBXFileReference; lastKnownFileType = sourcecode.swift; path = NTEmojiPicker.swift; sourceTree = "<group>"; };
		1F10AF5B2B5AD057001EE0A3 /* Int+toEmoji.swift */ = {isa = PBXFileReference; lastKnownFileType = sourcecode.swift; path = "Int+toEmoji.swift"; sourceTree = "<group>"; };
		1F12142E2B37106000DB04CD /* SubTodo.swift */ = {isa = PBXFileReference; lastKnownFileType = sourcecode.swift; path = SubTodo.swift; sourceTree = "<group>"; };
		1F15DB682B52248A00ECDEC7 /* CheckPickerManger.swift */ = {isa = PBXFileReference; lastKnownFileType = sourcecode.swift; path = CheckPickerManger.swift; sourceTree = "<group>"; };
		1F24EF372B3680C700FA6B25 /* CalendarDayView.swift */ = {isa = PBXFileReference; lastKnownFileType = sourcecode.swift; path = CalendarDayView.swift; sourceTree = "<group>"; };
		1F2565F72B42B6CC000CD6CA /* Goal.swift */ = {isa = PBXFileReference; lastKnownFileType = sourcecode.swift; path = Goal.swift; sourceTree = "<group>"; };
		1F2565FA2B42BC4A000CD6CA /* GoalFilter.swift */ = {isa = PBXFileReference; lastKnownFileType = sourcecode.swift; path = GoalFilter.swift; sourceTree = "<group>"; };
		1F2565FC2B42BD39000CD6CA /* GoalManager.swift */ = {isa = PBXFileReference; lastKnownFileType = sourcecode.swift; path = GoalManager.swift; sourceTree = "<group>"; };
		1F2566072B42D9A0000CD6CA /* GoalDuration.swift */ = {isa = PBXFileReference; lastKnownFileType = sourcecode.swift; path = GoalDuration.swift; sourceTree = "<group>"; };
		1F376E812B569ED000DA43AD /* NTColorPicker.swift */ = {isa = PBXFileReference; lastKnownFileType = sourcecode.swift; path = NTColorPicker.swift; sourceTree = "<group>"; };
		1F3771602B49001A00334065 /* NTPicker.swift */ = {isa = PBXFileReference; lastKnownFileType = sourcecode.swift; path = NTPicker.swift; sourceTree = "<group>"; };
		1F3E08352B4AD51B0092F7AF /* Bool+Comparable.swift */ = {isa = PBXFileReference; lastKnownFileType = sourcecode.swift; path = "Bool+Comparable.swift"; sourceTree = "<group>"; };
		1F3E08372B4AD95B0092F7AF /* TodoState.swift */ = {isa = PBXFileReference; lastKnownFileType = sourcecode.swift; path = TodoState.swift; sourceTree = "<group>"; };
		1F42CFF82B5B5D9800008787 /* String+toColor.swift */ = {isa = PBXFileReference; lastKnownFileType = sourcecode.swift; path = "String+toColor.swift"; sourceTree = "<group>"; };
		1F4631FC2B4436AE007B89C5 /* GoalFormView.swift */ = {isa = PBXFileReference; lastKnownFileType = sourcecode.swift; path = GoalFormView.swift; sourceTree = "<group>"; };
		1F59FE7B2B483F5C0067BEA2 /* GoalView.swift */ = {isa = PBXFileReference; lastKnownFileType = sourcecode.swift; path = GoalView.swift; sourceTree = "<group>"; };
		1F59FE8B2B4841600067BEA2 /* CheckListView.swift */ = {isa = PBXFileReference; lastKnownFileType = sourcecode.swift; path = CheckListView.swift; sourceTree = "<group>"; };
		1F59FE8E2B48440A0067BEA2 /* StatisticsView.swift */ = {isa = PBXFileReference; lastKnownFileType = sourcecode.swift; path = StatisticsView.swift; sourceTree = "<group>"; };
		1F59FE922B48463A0067BEA2 /* NTModelContainer.swift */ = {isa = PBXFileReference; lastKnownFileType = sourcecode.swift; path = NTModelContainer.swift; sourceTree = "<group>"; };
		1F59FE942B484A460067BEA2 /* CheckTab.swift */ = {isa = PBXFileReference; lastKnownFileType = sourcecode.swift; path = CheckTab.swift; sourceTree = "<group>"; };
		1F638A062B3291FA004D32C9 /* Notice.app */ = {isa = PBXFileReference; explicitFileType = wrapper.application; includeInIndex = 0; path = Notice.app; sourceTree = BUILT_PRODUCTS_DIR; };
		1F638A092B3291FA004D32C9 /* NoticeApp.swift */ = {isa = PBXFileReference; lastKnownFileType = sourcecode.swift; path = NoticeApp.swift; sourceTree = "<group>"; };
		1F638A0B2B3291FA004D32C9 /* MainView.swift */ = {isa = PBXFileReference; lastKnownFileType = sourcecode.swift; path = MainView.swift; sourceTree = "<group>"; };
		1F638A0F2B3291FB004D32C9 /* Assets.xcassets */ = {isa = PBXFileReference; lastKnownFileType = folder.assetcatalog; path = Assets.xcassets; sourceTree = "<group>"; };
		1F638A112B3291FB004D32C9 /* Notice.entitlements */ = {isa = PBXFileReference; lastKnownFileType = text.plist.entitlements; path = Notice.entitlements; sourceTree = "<group>"; };
		1F638A132B3291FB004D32C9 /* Preview Assets.xcassets */ = {isa = PBXFileReference; lastKnownFileType = folder.assetcatalog; path = "Preview Assets.xcassets"; sourceTree = "<group>"; };
		1F638A152B3291FB004D32C9 /* Info.plist */ = {isa = PBXFileReference; lastKnownFileType = text.plist.xml; path = Info.plist; sourceTree = "<group>"; };
		1F638A1A2B3291FB004D32C9 /* NoticeTests.xctest */ = {isa = PBXFileReference; explicitFileType = wrapper.cfbundle; includeInIndex = 0; path = NoticeTests.xctest; sourceTree = BUILT_PRODUCTS_DIR; };
		1F638A1E2B3291FB004D32C9 /* NoticeTests.swift */ = {isa = PBXFileReference; lastKnownFileType = sourcecode.swift; path = NoticeTests.swift; sourceTree = "<group>"; };
		1F638A242B3291FB004D32C9 /* NoticeUITests.xctest */ = {isa = PBXFileReference; explicitFileType = wrapper.cfbundle; includeInIndex = 0; path = NoticeUITests.xctest; sourceTree = BUILT_PRODUCTS_DIR; };
		1F638A282B3291FB004D32C9 /* NoticeUITests.swift */ = {isa = PBXFileReference; lastKnownFileType = sourcecode.swift; path = NoticeUITests.swift; sourceTree = "<group>"; };
		1F638A2A2B3291FB004D32C9 /* NoticeUITestsLaunchTests.swift */ = {isa = PBXFileReference; lastKnownFileType = sourcecode.swift; path = NoticeUITestsLaunchTests.swift; sourceTree = "<group>"; };
		1F638A392B329236004D32C9 /* .gitignore */ = {isa = PBXFileReference; fileEncoding = 4; lastKnownFileType = text; path = .gitignore; sourceTree = "<group>"; };
		1F638A412B329275004D32C9 /* Event.swift */ = {isa = PBXFileReference; fileEncoding = 4; lastKnownFileType = sourcecode.swift; path = Event.swift; sourceTree = "<group>"; };
		1F638A432B329275004D32C9 /* EventView.swift */ = {isa = PBXFileReference; fileEncoding = 4; lastKnownFileType = sourcecode.swift; path = EventView.swift; sourceTree = "<group>"; };
		1F638A442B329275004D32C9 /* CalendarDetailView.swift */ = {isa = PBXFileReference; fileEncoding = 4; lastKnownFileType = sourcecode.swift; path = CalendarDetailView.swift; sourceTree = "<group>"; };
		1F638A462B329275004D32C9 /* MSDaysView.swift */ = {isa = PBXFileReference; fileEncoding = 4; lastKnownFileType = sourcecode.swift; path = MSDaysView.swift; sourceTree = "<group>"; };
		1F638A472B329275004D32C9 /* MSCalendar.swift */ = {isa = PBXFileReference; fileEncoding = 4; lastKnownFileType = sourcecode.swift; path = MSCalendar.swift; sourceTree = "<group>"; };
		1F638A482B329275004D32C9 /* Calendar+.swift */ = {isa = PBXFileReference; fileEncoding = 4; lastKnownFileType = sourcecode.swift; path = "Calendar+.swift"; sourceTree = "<group>"; };
		1F638A492B329275004D32C9 /* MSWeekTitleView.swift */ = {isa = PBXFileReference; fileEncoding = 4; lastKnownFileType = sourcecode.swift; path = MSWeekTitleView.swift; sourceTree = "<group>"; };
		1F638A4A2B329275004D32C9 /* MSDayView.swift */ = {isa = PBXFileReference; fileEncoding = 4; lastKnownFileType = sourcecode.swift; path = MSDayView.swift; sourceTree = "<group>"; };
		1F638A4B2B329275004D32C9 /* Date+.swift */ = {isa = PBXFileReference; fileEncoding = 4; lastKnownFileType = sourcecode.swift; path = "Date+.swift"; sourceTree = "<group>"; };
		1F638A4C2B329275004D32C9 /* MSInfinteMonthView.swift */ = {isa = PBXFileReference; fileEncoding = 4; lastKnownFileType = sourcecode.swift; path = MSInfinteMonthView.swift; sourceTree = "<group>"; };
		1F638A4D2B329275004D32C9 /* CalendarFormView.swift */ = {isa = PBXFileReference; fileEncoding = 4; lastKnownFileType = sourcecode.swift; path = CalendarFormView.swift; sourceTree = "<group>"; };
		1F638A4E2B329275004D32C9 /* CalendarView.swift */ = {isa = PBXFileReference; fileEncoding = 4; lastKnownFileType = sourcecode.swift; path = CalendarView.swift; sourceTree = "<group>"; };
		1F638A5B2B329275004D32C9 /* TodoFormView.swift */ = {isa = PBXFileReference; fileEncoding = 4; lastKnownFileType = sourcecode.swift; path = TodoFormView.swift; sourceTree = "<group>"; };
		1F638A5C2B329275004D32C9 /* TodoView.swift */ = {isa = PBXFileReference; fileEncoding = 4; lastKnownFileType = sourcecode.swift; path = TodoView.swift; sourceTree = "<group>"; };
		1F638A5D2B329275004D32C9 /* TodoCellView.swift */ = {isa = PBXFileReference; fileEncoding = 4; lastKnownFileType = sourcecode.swift; path = TodoCellView.swift; sourceTree = "<group>"; };
		1F638A5F2B329275004D32C9 /* MemoView.swift */ = {isa = PBXFileReference; fileEncoding = 4; lastKnownFileType = sourcecode.swift; path = MemoView.swift; sourceTree = "<group>"; };
		1F638A7B2B32927E004D32C9 /* Dawn.swift */ = {isa = PBXFileReference; fileEncoding = 4; lastKnownFileType = sourcecode.swift; path = Dawn.swift; sourceTree = "<group>"; };
		1F638A7C2B32927E004D32C9 /* Forest.swift */ = {isa = PBXFileReference; fileEncoding = 4; lastKnownFileType = sourcecode.swift; path = Forest.swift; sourceTree = "<group>"; };
		1F638A7D2B32927E004D32C9 /* Theme.swift */ = {isa = PBXFileReference; fileEncoding = 4; lastKnownFileType = sourcecode.swift; path = Theme.swift; sourceTree = "<group>"; };
		1F638A852B3292D5004D32C9 /* Tabs.swift */ = {isa = PBXFileReference; fileEncoding = 4; lastKnownFileType = sourcecode.swift; path = Tabs.swift; sourceTree = "<group>"; };
		1F638A872B3292D5004D32C9 /* TabIcon.swift */ = {isa = PBXFileReference; fileEncoding = 4; lastKnownFileType = sourcecode.swift; path = TabIcon.swift; sourceTree = "<group>"; };
		1F638A882B3292D5004D32C9 /* CustomTabView.swift */ = {isa = PBXFileReference; fileEncoding = 4; lastKnownFileType = sourcecode.swift; path = CustomTabView.swift; sourceTree = "<group>"; };
		1F638A8F2B3292DC004D32C9 /* AppState.swift */ = {isa = PBXFileReference; fileEncoding = 4; lastKnownFileType = sourcecode.swift; path = AppState.swift; sourceTree = "<group>"; };
		1F6948852B75C3C500BEFB0F /* QuickMemoEditView.swift */ = {isa = PBXFileReference; lastKnownFileType = sourcecode.swift; path = QuickMemoEditView.swift; sourceTree = "<group>"; };
		1F6948872B75E09900BEFB0F /* FoldersView.swift */ = {isa = PBXFileReference; lastKnownFileType = sourcecode.swift; path = FoldersView.swift; sourceTree = "<group>"; };
		1F69488C2B75E5CA00BEFB0F /* MemoManager.swift */ = {isa = PBXFileReference; lastKnownFileType = sourcecode.swift; path = MemoManager.swift; sourceTree = "<group>"; };
		1F69488F2B75E75E00BEFB0F /* MemoFolderManager.swift */ = {isa = PBXFileReference; lastKnownFileType = sourcecode.swift; path = MemoFolderManager.swift; sourceTree = "<group>"; };
		1F6948912B75E80300BEFB0F /* Folder.swift */ = {isa = PBXFileReference; lastKnownFileType = sourcecode.swift; path = Folder.swift; sourceTree = "<group>"; };
		1F6948932B75E80B00BEFB0F /* Memo.swift */ = {isa = PBXFileReference; lastKnownFileType = sourcecode.swift; path = Memo.swift; sourceTree = "<group>"; };
		1F6948952B75FC2500BEFB0F /* NormalMemoManager.swift */ = {isa = PBXFileReference; lastKnownFileType = sourcecode.swift; path = NormalMemoManager.swift; sourceTree = "<group>"; };
		1F6948972B76048D00BEFB0F /* FolderEditView.swift */ = {isa = PBXFileReference; lastKnownFileType = sourcecode.swift; path = FolderEditView.swift; sourceTree = "<group>"; };
		1F6948992B76178700BEFB0F /* QuickMemoManager.swift */ = {isa = PBXFileReference; lastKnownFileType = sourcecode.swift; path = QuickMemoManager.swift; sourceTree = "<group>"; };
		1F69489B2B76427300BEFB0F /* QuickMemo.swift */ = {isa = PBXFileReference; lastKnownFileType = sourcecode.swift; path = QuickMemo.swift; sourceTree = "<group>"; };
		1F69489D2B76450F00BEFB0F /* NormalMemoListView.swift */ = {isa = PBXFileReference; lastKnownFileType = sourcecode.swift; path = NormalMemoListView.swift; sourceTree = "<group>"; };
		1F69489F2B76474D00BEFB0F /* QuickMemoListView.swift */ = {isa = PBXFileReference; lastKnownFileType = sourcecode.swift; path = QuickMemoListView.swift; sourceTree = "<group>"; };
		1F6948A22B765C9C00BEFB0F /* QuickMemoView.swift */ = {isa = PBXFileReference; lastKnownFileType = sourcecode.swift; path = QuickMemoView.swift; sourceTree = "<group>"; };
		1F838C862B5EBADC00C17A99 /* TodoFilter.swift */ = {isa = PBXFileReference; lastKnownFileType = sourcecode.swift; path = TodoFilter.swift; sourceTree = "<group>"; };
		1F838C8C2B5EBC7700C17A99 /* RoutineView.swift */ = {isa = PBXFileReference; lastKnownFileType = sourcecode.swift; path = RoutineView.swift; sourceTree = "<group>"; };
		1F838C8E2B5EBC8F00C17A99 /* RoutineFormView.swift */ = {isa = PBXFileReference; lastKnownFileType = sourcecode.swift; path = RoutineFormView.swift; sourceTree = "<group>"; };
		1F838C902B5EBCB400C17A99 /* RoutineCellView.swift */ = {isa = PBXFileReference; lastKnownFileType = sourcecode.swift; path = RoutineCellView.swift; sourceTree = "<group>"; };
		1F838C932B5EBCE500C17A99 /* GrassView.swift */ = {isa = PBXFileReference; lastKnownFileType = sourcecode.swift; path = GrassView.swift; sourceTree = "<group>"; };
		1F838C962B5EBD3000C17A99 /* Routine.swift */ = {isa = PBXFileReference; lastKnownFileType = sourcecode.swift; path = Routine.swift; sourceTree = "<group>"; };
		1F838C982B5EBD4700C17A99 /* PerformedDate.swift */ = {isa = PBXFileReference; lastKnownFileType = sourcecode.swift; path = PerformedDate.swift; sourceTree = "<group>"; };
		1F838C9B2B5EBDAD00C17A99 /* RoutineManager.swift */ = {isa = PBXFileReference; lastKnownFileType = sourcecode.swift; path = RoutineManager.swift; sourceTree = "<group>"; };
		1F838C9E2B5EBE4600C17A99 /* TodoManager.swift */ = {isa = PBXFileReference; lastKnownFileType = sourcecode.swift; path = TodoManager.swift; sourceTree = "<group>"; };
		1F838CA12B5EBFBE00C17A99 /* NTFormatter.swift */ = {isa = PBXFileReference; lastKnownFileType = sourcecode.swift; path = NTFormatter.swift; sourceTree = "<group>"; };
		1F838CA62B5EC2D500C17A99 /* TodoDBManager.swift */ = {isa = PBXFileReference; lastKnownFileType = sourcecode.swift; path = TodoDBManager.swift; sourceTree = "<group>"; };
		1F838CA82B5EC46E00C17A99 /* TodoEditManager.swift */ = {isa = PBXFileReference; lastKnownFileType = sourcecode.swift; path = TodoEditManager.swift; sourceTree = "<group>"; };
		1F838CAC2B5EC51300C17A99 /* TodoFilterManager.swift */ = {isa = PBXFileReference; lastKnownFileType = sourcecode.swift; path = TodoFilterManager.swift; sourceTree = "<group>"; };
		1F93D5A62B53841E002FA726 /* UnderwayCellView.swift */ = {isa = PBXFileReference; lastKnownFileType = sourcecode.swift; path = UnderwayCellView.swift; sourceTree = "<group>"; };
		1F93D5AA2B5384F4002FA726 /* UnderwayListView.swift */ = {isa = PBXFileReference; lastKnownFileType = sourcecode.swift; path = UnderwayListView.swift; sourceTree = "<group>"; };
		1F93D5AC2B53850C002FA726 /* SuccessListView.swift */ = {isa = PBXFileReference; lastKnownFileType = sourcecode.swift; path = SuccessListView.swift; sourceTree = "<group>"; };
		1F93D5AE2B538518002FA726 /* FailureListView.swift */ = {isa = PBXFileReference; lastKnownFileType = sourcecode.swift; path = FailureListView.swift; sourceTree = "<group>"; };
		1F93EEA02B555E7500A5C757 /* SuccessCellView.swift */ = {isa = PBXFileReference; lastKnownFileType = sourcecode.swift; path = SuccessCellView.swift; sourceTree = "<group>"; };
		1F93EEA22B55680E00A5C757 /* FailureCellView.swift */ = {isa = PBXFileReference; lastKnownFileType = sourcecode.swift; path = FailureCellView.swift; sourceTree = "<group>"; };
		1FA4560B2B5D49A4001A853F /* FormContainer.swift */ = {isa = PBXFileReference; lastKnownFileType = sourcecode.swift; path = FormContainer.swift; sourceTree = "<group>"; };
		1FB4E21B2B77199D0046FC97 /* NormalMemoView.swift */ = {isa = PBXFileReference; lastKnownFileType = sourcecode.swift; path = NormalMemoView.swift; sourceTree = "<group>"; };
		1FCD30ED2B6FD18900A6AA2F /* CalendarManager.swift */ = {isa = PBXFileReference; lastKnownFileType = sourcecode.swift; path = CalendarManager.swift; sourceTree = "<group>"; };
		1FCD30F02B6FD1C500A6AA2F /* CalendarDBManager.swift */ = {isa = PBXFileReference; lastKnownFileType = sourcecode.swift; path = CalendarDBManager.swift; sourceTree = "<group>"; };
		1FCD30F22B6FD1D000A6AA2F /* CalendarEditManager.swift */ = {isa = PBXFileReference; lastKnownFileType = sourcecode.swift; path = CalendarEditManager.swift; sourceTree = "<group>"; };
		1FCD30F42B6FD62D00A6AA2F /* CalendarHandler.swift */ = {isa = PBXFileReference; lastKnownFileType = sourcecode.swift; path = CalendarHandler.swift; sourceTree = "<group>"; };
		1FFC483D2B67EC6800B0D77A /* RoutineDBManager.swift */ = {isa = PBXFileReference; lastKnownFileType = sourcecode.swift; path = RoutineDBManager.swift; sourceTree = "<group>"; };
		1FFC483F2B67EC7A00B0D77A /* RoutineEditManager.swift */ = {isa = PBXFileReference; lastKnownFileType = sourcecode.swift; path = RoutineEditManager.swift; sourceTree = "<group>"; };
/* End PBXFileReference section */

/* Begin PBXFrameworksBuildPhase section */
		1F638A032B3291FA004D32C9 /* Frameworks */ = {
			isa = PBXFrameworksBuildPhase;
			buildActionMask = 2147483647;
			files = (
				1FA456142B5E997B001A853F /* AlertToast in Frameworks */,
			);
			runOnlyForDeploymentPostprocessing = 0;
		};
		1F638A172B3291FB004D32C9 /* Frameworks */ = {
			isa = PBXFrameworksBuildPhase;
			buildActionMask = 2147483647;
			files = (
			);
			runOnlyForDeploymentPostprocessing = 0;
		};
		1F638A212B3291FB004D32C9 /* Frameworks */ = {
			isa = PBXFrameworksBuildPhase;
			buildActionMask = 2147483647;
			files = (
			);
			runOnlyForDeploymentPostprocessing = 0;
		};
/* End PBXFrameworksBuildPhase section */

/* Begin PBXGroup section */
		1F1074A92B6BC653002AADEF /* Entities */ = {
			isa = PBXGroup;
			children = (
				1F2565F72B42B6CC000CD6CA /* Goal.swift */,
				1F2565FA2B42BC4A000CD6CA /* GoalFilter.swift */,
				1F2566072B42D9A0000CD6CA /* GoalDuration.swift */,
			);
			path = Entities;
			sourceTree = "<group>";
		};
		1F1074AA2B6BC66D002AADEF /* SubManagers */ = {
			isa = PBXGroup;
			children = (
				1F1074AB2B6BC6ED002AADEF /* GoalDBManager.swift */,
				1F1074AD2B6BC6F7002AADEF /* GoalEditManager.swift */,
				1F1074AF2B6BC700002AADEF /* GoalFilterManager.swift */,
			);
			path = SubManagers;
			sourceTree = "<group>";
		};
		1F15DB6A2B522DA600ECDEC7 /* Shared */ = {
			isa = PBXGroup;
			children = (
				1F838CA02B5EBFA400C17A99 /* Utilities */,
				1F15DB6C2B522DC800ECDEC7 /* Components */,
				1F15DB6B2B522DAE00ECDEC7 /* Extensions */,
			);
			path = Shared;
			sourceTree = "<group>";
		};
		1F15DB6B2B522DAE00ECDEC7 /* Extensions */ = {
			isa = PBXGroup;
			children = (
				1F3E08352B4AD51B0092F7AF /* Bool+Comparable.swift */,
				1F10AF5B2B5AD057001EE0A3 /* Int+toEmoji.swift */,
				1F42CFF82B5B5D9800008787 /* String+toColor.swift */,
			);
			path = Extensions;
			sourceTree = "<group>";
		};
		1F15DB6C2B522DC800ECDEC7 /* Components */ = {
			isa = PBXGroup;
			children = (
				1FA4560A2B5D4987001A853F /* FormContainer */,
				1F15DB6D2B52307500ECDEC7 /* Picker */,
				1F638A832B3292D5004D32C9 /* Tab */,
			);
			path = Components;
			sourceTree = "<group>";
		};
		1F15DB6D2B52307500ECDEC7 /* Picker */ = {
			isa = PBXGroup;
			children = (
				1F3771602B49001A00334065 /* NTPicker.swift */,
				1F376E812B569ED000DA43AD /* NTColorPicker.swift */,
				1F10AF592B5A9AF2001EE0A3 /* NTEmojiPicker.swift */,
			);
			path = Picker;
			sourceTree = "<group>";
		};
		1F59FE802B48400A0067BEA2 /* Todo */ = {
			isa = PBXGroup;
			children = (
				1F838C9D2B5EBE2600C17A99 /* Model */,
				1F59FE842B4840280067BEA2 /* Entities */,
				1F59FE832B4840220067BEA2 /* View */,
			);
			path = Todo;
			sourceTree = "<group>";
		};
		1F59FE822B4840180067BEA2 /* Goal */ = {
			isa = PBXGroup;
			children = (
				1F59FE882B48403B0067BEA2 /* Model */,
				1F1074A92B6BC653002AADEF /* Entities */,
				1F59FE872B4840370067BEA2 /* View */,
			);
			path = Goal;
			sourceTree = "<group>";
		};
		1F59FE832B4840220067BEA2 /* View */ = {
			isa = PBXGroup;
			children = (
				1F638A5C2B329275004D32C9 /* TodoView.swift */,
				1F638A5B2B329275004D32C9 /* TodoFormView.swift */,
				1F638A5D2B329275004D32C9 /* TodoCellView.swift */,
			);
			path = View;
			sourceTree = "<group>";
		};
		1F59FE842B4840280067BEA2 /* Entities */ = {
			isa = PBXGroup;
			children = (
				1F0722012B32D42A008B80A0 /* Todo.swift */,
				1F12142E2B37106000DB04CD /* SubTodo.swift */,
				1F3E08372B4AD95B0092F7AF /* TodoState.swift */,
				1F838C862B5EBADC00C17A99 /* TodoFilter.swift */,
			);
			path = Entities;
			sourceTree = "<group>";
		};
		1F59FE872B4840370067BEA2 /* View */ = {
			isa = PBXGroup;
			children = (
				1F59FE7B2B483F5C0067BEA2 /* GoalView.swift */,
				1F4631FC2B4436AE007B89C5 /* GoalFormView.swift */,
				1F7CE3B82B5953A000C23FF1 /* Failure */,
				1F7CE3B72B59539400C23FF1 /* Success */,
				1F7CE3B62B59538500C23FF1 /* Underway */,
			);
			path = View;
			sourceTree = "<group>";
		};
		1F59FE882B48403B0067BEA2 /* Model */ = {
			isa = PBXGroup;
			children = (
				1F2565FC2B42BD39000CD6CA /* GoalManager.swift */,
				1F1074AA2B6BC66D002AADEF /* SubManagers */,
			);
			path = Model;
			sourceTree = "<group>";
		};
		1F59FE892B48410F0067BEA2 /* View */ = {
			isa = PBXGroup;
			children = (
				1F59FE8B2B4841600067BEA2 /* CheckListView.swift */,
			);
			path = View;
			sourceTree = "<group>";
		};
		1F59FE8A2B48411A0067BEA2 /* Model */ = {
			isa = PBXGroup;
			children = (
				1F59FE942B484A460067BEA2 /* CheckTab.swift */,
				1F15DB682B52248A00ECDEC7 /* CheckPickerManger.swift */,
			);
			path = Model;
			sourceTree = "<group>";
		};
		1F59FE8D2B4843F40067BEA2 /* Statistics */ = {
			isa = PBXGroup;
			children = (
				1F59FE8E2B48440A0067BEA2 /* StatisticsView.swift */,
			);
			path = Statistics;
			sourceTree = "<group>";
		};
		1F59FE902B48459A0067BEA2 /* System */ = {
			isa = PBXGroup;
			children = (
				1F59FE912B4846190067BEA2 /* DB */,
			);
			path = System;
			sourceTree = "<group>";
		};
		1F59FE912B4846190067BEA2 /* DB */ = {
			isa = PBXGroup;
			children = (
				1F59FE922B48463A0067BEA2 /* NTModelContainer.swift */,
			);
			path = DB;
			sourceTree = "<group>";
		};
		1F59FE9B2B484EE70067BEA2 /* Utils */ = {
			isa = PBXGroup;
			children = (
				1F638A482B329275004D32C9 /* Calendar+.swift */,
				1F638A4B2B329275004D32C9 /* Date+.swift */,
			);
			path = Utils;
			sourceTree = "<group>";
		};
		1F6389FD2B3291F9004D32C9 = {
			isa = PBXGroup;
			children = (
				1F638A392B329236004D32C9 /* .gitignore */,
				1F638A082B3291FA004D32C9 /* Notice */,
				1F638A1D2B3291FB004D32C9 /* NoticeTests */,
				1F638A272B3291FB004D32C9 /* NoticeUITests */,
				1F638A072B3291FA004D32C9 /* Products */,
			);
			sourceTree = "<group>";
		};
		1F638A072B3291FA004D32C9 /* Products */ = {
			isa = PBXGroup;
			children = (
				1F638A062B3291FA004D32C9 /* Notice.app */,
				1F638A1A2B3291FB004D32C9 /* NoticeTests.xctest */,
				1F638A242B3291FB004D32C9 /* NoticeUITests.xctest */,
			);
			name = Products;
			sourceTree = "<group>";
		};
		1F638A082B3291FA004D32C9 /* Notice */ = {
			isa = PBXGroup;
			children = (
				1F638A812B329287004D32C9 /* App */,
				1F15DB6A2B522DA600ECDEC7 /* Shared */,
				1F59FE902B48459A0067BEA2 /* System */,
				1F638A7A2B32927E004D32C9 /* Theme */,
				1F638A3B2B329275004D32C9 /* Features */,
				1F638A0F2B3291FB004D32C9 /* Assets.xcassets */,
				1F638A112B3291FB004D32C9 /* Notice.entitlements */,
				1F638A152B3291FB004D32C9 /* Info.plist */,
				1F638A122B3291FB004D32C9 /* Preview Content */,
			);
			path = Notice;
			sourceTree = "<group>";
		};
		1F638A122B3291FB004D32C9 /* Preview Content */ = {
			isa = PBXGroup;
			children = (
				1F638A132B3291FB004D32C9 /* Preview Assets.xcassets */,
			);
			path = "Preview Content";
			sourceTree = "<group>";
		};
		1F638A1D2B3291FB004D32C9 /* NoticeTests */ = {
			isa = PBXGroup;
			children = (
				1F638A1E2B3291FB004D32C9 /* NoticeTests.swift */,
			);
			path = NoticeTests;
			sourceTree = "<group>";
		};
		1F638A272B3291FB004D32C9 /* NoticeUITests */ = {
			isa = PBXGroup;
			children = (
				1F638A282B3291FB004D32C9 /* NoticeUITests.swift */,
				1F638A2A2B3291FB004D32C9 /* NoticeUITestsLaunchTests.swift */,
			);
			path = NoticeUITests;
			sourceTree = "<group>";
		};
		1F638A3B2B329275004D32C9 /* Features */ = {
			isa = PBXGroup;
			children = (
				1F59FE8D2B4843F40067BEA2 /* Statistics */,
				1F638A5E2B329275004D32C9 /* Memo */,
				1F638A3C2B329275004D32C9 /* Calendar */,
				1F638A542B329275004D32C9 /* CheckList */,
			);
			path = Features;
			sourceTree = "<group>";
		};
		1F638A3C2B329275004D32C9 /* Calendar */ = {
			isa = PBXGroup;
			children = (
				1FCD30EC2B6FCD6600A6AA2F /* Entity */,
				1F638A402B329275004D32C9 /* Model */,
				1F638A422B329275004D32C9 /* View */,
			);
			path = Calendar;
			sourceTree = "<group>";
		};
		1F638A402B329275004D32C9 /* Model */ = {
			isa = PBXGroup;
			children = (
				1FCD30ED2B6FD18900A6AA2F /* CalendarManager.swift */,
				1FCD30EF2B6FD18F00A6AA2F /* SubManagers */,
			);
			path = Model;
			sourceTree = "<group>";
		};
		1F638A422B329275004D32C9 /* View */ = {
			isa = PBXGroup;
			children = (
				1F638A452B329275004D32C9 /* MSCalendar */,
				1F638A4E2B329275004D32C9 /* CalendarView.swift */,
				1F638A432B329275004D32C9 /* EventView.swift */,
				1F638A442B329275004D32C9 /* CalendarDetailView.swift */,
				1F638A4D2B329275004D32C9 /* CalendarFormView.swift */,
				1F24EF372B3680C700FA6B25 /* CalendarDayView.swift */,
			);
			path = View;
			sourceTree = "<group>";
		};
		1F638A452B329275004D32C9 /* MSCalendar */ = {
			isa = PBXGroup;
			children = (
				1F59FE9B2B484EE70067BEA2 /* Utils */,
				1F638A472B329275004D32C9 /* MSCalendar.swift */,
				1F638A4C2B329275004D32C9 /* MSInfinteMonthView.swift */,
				1F638A462B329275004D32C9 /* MSDaysView.swift */,
				1F638A492B329275004D32C9 /* MSWeekTitleView.swift */,
				1F638A4A2B329275004D32C9 /* MSDayView.swift */,
			);
			path = MSCalendar;
			sourceTree = "<group>";
		};
		1F638A542B329275004D32C9 /* CheckList */ = {
			isa = PBXGroup;
			children = (
				1F838C892B5EBBF300C17A99 /* Routine */,
				1F838C882B5EBB8800C17A99 /* Container */,
				1F59FE802B48400A0067BEA2 /* Todo */,
				1F59FE822B4840180067BEA2 /* Goal */,
			);
			path = CheckList;
			sourceTree = "<group>";
		};
		1F638A5E2B329275004D32C9 /* Memo */ = {
			isa = PBXGroup;
			children = (
				1F69488B2B75E52D00BEFB0F /* View */,
				1F69488A2B75E51800BEFB0F /* Model */,
				1F6948892B75E50200BEFB0F /* Entity */,
			);
			path = Memo;
			sourceTree = "<group>";
		};
		1F638A7A2B32927E004D32C9 /* Theme */ = {
			isa = PBXGroup;
			children = (
				1F638A7D2B32927E004D32C9 /* Theme.swift */,
				1F638A7B2B32927E004D32C9 /* Dawn.swift */,
				1F638A7C2B32927E004D32C9 /* Forest.swift */,
			);
			path = Theme;
			sourceTree = "<group>";
		};
		1F638A812B329287004D32C9 /* App */ = {
			isa = PBXGroup;
			children = (
				1F638A092B3291FA004D32C9 /* NoticeApp.swift */,
				1F638A0B2B3291FA004D32C9 /* MainView.swift */,
				1F638A8F2B3292DC004D32C9 /* AppState.swift */,
			);
			path = App;
			sourceTree = "<group>";
		};
		1F638A832B3292D5004D32C9 /* Tab */ = {
			isa = PBXGroup;
			children = (
				1F638A842B3292D5004D32C9 /* Model */,
				1F638A862B3292D5004D32C9 /* Views */,
			);
			path = Tab;
			sourceTree = "<group>";
		};
		1F638A842B3292D5004D32C9 /* Model */ = {
			isa = PBXGroup;
			children = (
				1F638A852B3292D5004D32C9 /* Tabs.swift */,
			);
			path = Model;
			sourceTree = "<group>";
		};
		1F638A862B3292D5004D32C9 /* Views */ = {
			isa = PBXGroup;
			children = (
				1F638A882B3292D5004D32C9 /* CustomTabView.swift */,
				1F638A872B3292D5004D32C9 /* TabIcon.swift */,
			);
			path = Views;
			sourceTree = "<group>";
		};
		1F6948892B75E50200BEFB0F /* Entity */ = {
			isa = PBXGroup;
			children = (
				1F6948912B75E80300BEFB0F /* Folder.swift */,
				1F6948932B75E80B00BEFB0F /* Memo.swift */,
				1F69489B2B76427300BEFB0F /* QuickMemo.swift */,
			);
			path = Entity;
			sourceTree = "<group>";
		};
		1F69488A2B75E51800BEFB0F /* Model */ = {
			isa = PBXGroup;
			children = (
				1F69488C2B75E5CA00BEFB0F /* MemoManager.swift */,
				1F69488E2B75E74F00BEFB0F /* SubManagers */,
			);
			path = Model;
			sourceTree = "<group>";
		};
		1F69488B2B75E52D00BEFB0F /* View */ = {
			isa = PBXGroup;
			children = (
				1FB4E21A2B76FF4C0046FC97 /* Home */,
				1FB4E2192B76FF1B0046FC97 /* NormalMemo */,
				1F6948A12B765C6D00BEFB0F /* QuickMemo */,
			);
			path = View;
			sourceTree = "<group>";
		};
		1F69488E2B75E74F00BEFB0F /* SubManagers */ = {
			isa = PBXGroup;
			children = (
				1F69488F2B75E75E00BEFB0F /* MemoFolderManager.swift */,
				1F6948992B76178700BEFB0F /* QuickMemoManager.swift */,
				1F6948952B75FC2500BEFB0F /* NormalMemoManager.swift */,
			);
			path = SubManagers;
			sourceTree = "<group>";
		};
		1F6948A12B765C6D00BEFB0F /* QuickMemo */ = {
			isa = PBXGroup;
			children = (
				1F69489F2B76474D00BEFB0F /* QuickMemoListView.swift */,
				1F6948A22B765C9C00BEFB0F /* QuickMemoView.swift */,
			);
			path = QuickMemo;
			sourceTree = "<group>";
		};
		1F7CE3B62B59538500C23FF1 /* Underway */ = {
			isa = PBXGroup;
			children = (
				1F93D5AA2B5384F4002FA726 /* UnderwayListView.swift */,
				1F93D5A62B53841E002FA726 /* UnderwayCellView.swift */,
			);
			path = Underway;
			sourceTree = "<group>";
		};
		1F7CE3B72B59539400C23FF1 /* Success */ = {
			isa = PBXGroup;
			children = (
				1F93D5AC2B53850C002FA726 /* SuccessListView.swift */,
				1F93EEA02B555E7500A5C757 /* SuccessCellView.swift */,
			);
			path = Success;
			sourceTree = "<group>";
		};
		1F7CE3B82B5953A000C23FF1 /* Failure */ = {
			isa = PBXGroup;
			children = (
				1F93D5AE2B538518002FA726 /* FailureListView.swift */,
				1F93EEA22B55680E00A5C757 /* FailureCellView.swift */,
			);
			path = Failure;
			sourceTree = "<group>";
		};
		1F838C882B5EBB8800C17A99 /* Container */ = {
			isa = PBXGroup;
			children = (
				1F59FE8A2B48411A0067BEA2 /* Model */,
				1F59FE892B48410F0067BEA2 /* View */,
			);
			path = Container;
			sourceTree = "<group>";
		};
		1F838C892B5EBBF300C17A99 /* Routine */ = {
			isa = PBXGroup;
			children = (
				1F838C9A2B5EBD5800C17A99 /* Model */,
				1F838C952B5EBD1400C17A99 /* Entity */,
				1F838C8B2B5EBC6700C17A99 /* View */,
			);
			path = Routine;
			sourceTree = "<group>";
		};
		1F838C8B2B5EBC6700C17A99 /* View */ = {
			isa = PBXGroup;
			children = (
				1F838C8C2B5EBC7700C17A99 /* RoutineView.swift */,
				1F838C8E2B5EBC8F00C17A99 /* RoutineFormView.swift */,
				1F838C902B5EBCB400C17A99 /* RoutineCellView.swift */,
				1F838C932B5EBCE500C17A99 /* GrassView.swift */,
			);
			path = View;
			sourceTree = "<group>";
		};
		1F838C952B5EBD1400C17A99 /* Entity */ = {
			isa = PBXGroup;
			children = (
				1F838C962B5EBD3000C17A99 /* Routine.swift */,
				1F838C982B5EBD4700C17A99 /* PerformedDate.swift */,
			);
			path = Entity;
			sourceTree = "<group>";
		};
		1F838C9A2B5EBD5800C17A99 /* Model */ = {
			isa = PBXGroup;
			children = (
				1F838C9B2B5EBDAD00C17A99 /* RoutineManager.swift */,
				1FFC483C2B67EC1A00B0D77A /* SubManagers */,
			);
			path = Model;
			sourceTree = "<group>";
		};
		1F838C9D2B5EBE2600C17A99 /* Model */ = {
			isa = PBXGroup;
			children = (
				1F838C9E2B5EBE4600C17A99 /* TodoManager.swift */,
				1F838CA52B5EC2C400C17A99 /* SubManagers */,
			);
			path = Model;
			sourceTree = "<group>";
		};
		1F838CA02B5EBFA400C17A99 /* Utilities */ = {
			isa = PBXGroup;
			children = (
				1F838CA12B5EBFBE00C17A99 /* NTFormatter.swift */,
			);
			path = Utilities;
			sourceTree = "<group>";
		};
		1F838CA52B5EC2C400C17A99 /* SubManagers */ = {
			isa = PBXGroup;
			children = (
				1F838CA62B5EC2D500C17A99 /* TodoDBManager.swift */,
				1F838CA82B5EC46E00C17A99 /* TodoEditManager.swift */,
				1F838CAC2B5EC51300C17A99 /* TodoFilterManager.swift */,
			);
			path = SubManagers;
			sourceTree = "<group>";
		};
		1FA4560A2B5D4987001A853F /* FormContainer */ = {
			isa = PBXGroup;
			children = (
				1FA4560B2B5D49A4001A853F /* FormContainer.swift */,
			);
			path = FormContainer;
			sourceTree = "<group>";
		};
		1FB4E2192B76FF1B0046FC97 /* NormalMemo */ = {
			isa = PBXGroup;
			children = (
				1F69489D2B76450F00BEFB0F /* NormalMemoListView.swift */,
				1FB4E21B2B77199D0046FC97 /* NormalMemoView.swift */,
			);
			path = NormalMemo;
			sourceTree = "<group>";
		};
		1FB4E21A2B76FF4C0046FC97 /* Home */ = {
			isa = PBXGroup;
			children = (
				1F638A5F2B329275004D32C9 /* MemoView.swift */,
				1F6948852B75C3C500BEFB0F /* QuickMemoEditView.swift */,
				1F6948872B75E09900BEFB0F /* FoldersView.swift */,
				1F6948972B76048D00BEFB0F /* FolderEditView.swift */,
			);
			path = Home;
			sourceTree = "<group>";
		};
		1FCD30EC2B6FCD6600A6AA2F /* Entity */ = {
			isa = PBXGroup;
			children = (
				1F638A412B329275004D32C9 /* Event.swift */,
				1F0722032B32D7C3008B80A0 /* EventCategory.swift */,
			);
			path = Entity;
			sourceTree = "<group>";
		};
		1FCD30EF2B6FD18F00A6AA2F /* SubManagers */ = {
			isa = PBXGroup;
			children = (
				1FCD30F02B6FD1C500A6AA2F /* CalendarDBManager.swift */,
				1FCD30F22B6FD1D000A6AA2F /* CalendarEditManager.swift */,
				1FCD30F42B6FD62D00A6AA2F /* CalendarHandler.swift */,
			);
			path = SubManagers;
			sourceTree = "<group>";
		};
		1FFC483C2B67EC1A00B0D77A /* SubManagers */ = {
			isa = PBXGroup;
			children = (
				1FFC483D2B67EC6800B0D77A /* RoutineDBManager.swift */,
				1FFC483F2B67EC7A00B0D77A /* RoutineEditManager.swift */,
			);
			path = SubManagers;
			sourceTree = "<group>";
		};
/* End PBXGroup section */

/* Begin PBXNativeTarget section */
		1F638A052B3291FA004D32C9 /* Notice */ = {
			isa = PBXNativeTarget;
			buildConfigurationList = 1F638A2E2B3291FB004D32C9 /* Build configuration list for PBXNativeTarget "Notice" */;
			buildPhases = (
				1F638A022B3291FA004D32C9 /* Sources */,
				1F638A032B3291FA004D32C9 /* Frameworks */,
				1F638A042B3291FA004D32C9 /* Resources */,
			);
			buildRules = (
			);
			dependencies = (
			);
			name = Notice;
			packageProductDependencies = (
				1FA456132B5E997B001A853F /* AlertToast */,
			);
			productName = Notice;
			productReference = 1F638A062B3291FA004D32C9 /* Notice.app */;
			productType = "com.apple.product-type.application";
		};
		1F638A192B3291FB004D32C9 /* NoticeTests */ = {
			isa = PBXNativeTarget;
			buildConfigurationList = 1F638A312B3291FB004D32C9 /* Build configuration list for PBXNativeTarget "NoticeTests" */;
			buildPhases = (
				1F638A162B3291FB004D32C9 /* Sources */,
				1F638A172B3291FB004D32C9 /* Frameworks */,
				1F638A182B3291FB004D32C9 /* Resources */,
			);
			buildRules = (
			);
			dependencies = (
				1F638A1C2B3291FB004D32C9 /* PBXTargetDependency */,
			);
			name = NoticeTests;
			productName = NoticeTests;
			productReference = 1F638A1A2B3291FB004D32C9 /* NoticeTests.xctest */;
			productType = "com.apple.product-type.bundle.unit-test";
		};
		1F638A232B3291FB004D32C9 /* NoticeUITests */ = {
			isa = PBXNativeTarget;
			buildConfigurationList = 1F638A342B3291FB004D32C9 /* Build configuration list for PBXNativeTarget "NoticeUITests" */;
			buildPhases = (
				1F638A202B3291FB004D32C9 /* Sources */,
				1F638A212B3291FB004D32C9 /* Frameworks */,
				1F638A222B3291FB004D32C9 /* Resources */,
			);
			buildRules = (
			);
			dependencies = (
				1F638A262B3291FB004D32C9 /* PBXTargetDependency */,
			);
			name = NoticeUITests;
			productName = NoticeUITests;
			productReference = 1F638A242B3291FB004D32C9 /* NoticeUITests.xctest */;
			productType = "com.apple.product-type.bundle.ui-testing";
		};
/* End PBXNativeTarget section */

/* Begin PBXProject section */
		1F6389FE2B3291F9004D32C9 /* Project object */ = {
			isa = PBXProject;
			attributes = {
				BuildIndependentTargetsInParallel = 1;
				LastSwiftUpdateCheck = 1510;
				LastUpgradeCheck = 1520;
				TargetAttributes = {
					1F638A052B3291FA004D32C9 = {
						CreatedOnToolsVersion = 15.1;
					};
					1F638A192B3291FB004D32C9 = {
						CreatedOnToolsVersion = 15.1;
						TestTargetID = 1F638A052B3291FA004D32C9;
					};
					1F638A232B3291FB004D32C9 = {
						CreatedOnToolsVersion = 15.1;
						TestTargetID = 1F638A052B3291FA004D32C9;
					};
				};
			};
			buildConfigurationList = 1F638A012B3291F9004D32C9 /* Build configuration list for PBXProject "Notice" */;
			compatibilityVersion = "Xcode 14.0";
			developmentRegion = ko;
			hasScannedForEncodings = 0;
			knownRegions = (
				en,
				Base,
				ko,
				ja,
			);
			mainGroup = 1F6389FD2B3291F9004D32C9;
			packageReferences = (
				1FA456122B5E997B001A853F /* XCRemoteSwiftPackageReference "AlertToast" */,
			);
			productRefGroup = 1F638A072B3291FA004D32C9 /* Products */;
			projectDirPath = "";
			projectRoot = "";
			targets = (
				1F638A052B3291FA004D32C9 /* Notice */,
				1F638A192B3291FB004D32C9 /* NoticeTests */,
				1F638A232B3291FB004D32C9 /* NoticeUITests */,
			);
		};
/* End PBXProject section */

/* Begin PBXResourcesBuildPhase section */
		1F638A042B3291FA004D32C9 /* Resources */ = {
			isa = PBXResourcesBuildPhase;
			buildActionMask = 2147483647;
			files = (
				1F638A142B3291FB004D32C9 /* Preview Assets.xcassets in Resources */,
				1F638A3A2B329236004D32C9 /* .gitignore in Resources */,
				1F638A102B3291FB004D32C9 /* Assets.xcassets in Resources */,
			);
			runOnlyForDeploymentPostprocessing = 0;
		};
		1F638A182B3291FB004D32C9 /* Resources */ = {
			isa = PBXResourcesBuildPhase;
			buildActionMask = 2147483647;
			files = (
			);
			runOnlyForDeploymentPostprocessing = 0;
		};
		1F638A222B3291FB004D32C9 /* Resources */ = {
			isa = PBXResourcesBuildPhase;
			buildActionMask = 2147483647;
			files = (
			);
			runOnlyForDeploymentPostprocessing = 0;
		};
/* End PBXResourcesBuildPhase section */

/* Begin PBXSourcesBuildPhase section */
		1F638A022B3291FA004D32C9 /* Sources */ = {
			isa = PBXSourcesBuildPhase;
			buildActionMask = 2147483647;
			files = (
				1FA4560C2B5D49A4001A853F /* FormContainer.swift in Sources */,
				1F638A762B329275004D32C9 /* TodoView.swift in Sources */,
				1F6948962B75FC2500BEFB0F /* NormalMemoManager.swift in Sources */,
				1F6948882B75E09900BEFB0F /* FoldersView.swift in Sources */,
				1F6948A02B76474D00BEFB0F /* QuickMemoListView.swift in Sources */,
				1FFC48402B67EC7A00B0D77A /* RoutineEditManager.swift in Sources */,
				1F638A652B329275004D32C9 /* EventView.swift in Sources */,
				1F638A782B329275004D32C9 /* MemoView.swift in Sources */,
				1F838C872B5EBADC00C17A99 /* TodoFilter.swift in Sources */,
				1F838C992B5EBD4700C17A99 /* PerformedDate.swift in Sources */,
				1F2565FB2B42BC4A000CD6CA /* GoalFilter.swift in Sources */,
				1F638A7F2B32927E004D32C9 /* Forest.swift in Sources */,
				1FCD30F12B6FD1C500A6AA2F /* CalendarDBManager.swift in Sources */,
				1F6948902B75E75E00BEFB0F /* MemoFolderManager.swift in Sources */,
				1F838CA22B5EBFBE00C17A99 /* NTFormatter.swift in Sources */,
				1F6948982B76048D00BEFB0F /* FolderEditView.swift in Sources */,
				1F3E08382B4AD95B0092F7AF /* TodoState.swift in Sources */,
				1F3E08362B4AD51B0092F7AF /* Bool+Comparable.swift in Sources */,
				1F69489A2B76178700BEFB0F /* QuickMemoManager.swift in Sources */,
				1F838CA72B5EC2D500C17A99 /* TodoDBManager.swift in Sources */,
				1FFC483E2B67EC6900B0D77A /* RoutineDBManager.swift in Sources */,
				1F42CFF92B5B5D9800008787 /* String+toColor.swift in Sources */,
				1F4631FD2B4436AE007B89C5 /* GoalFormView.swift in Sources */,
				1F1074B02B6BC700002AADEF /* GoalFilterManager.swift in Sources */,
				1F0722042B32D7C3008B80A0 /* EventCategory.swift in Sources */,
				1FCD30F52B6FD62D00A6AA2F /* CalendarHandler.swift in Sources */,
				1F638A672B329275004D32C9 /* MSDaysView.swift in Sources */,
				1F15DB692B52248A00ECDEC7 /* CheckPickerManger.swift in Sources */,
				1F638A8C2B3292D5004D32C9 /* TabIcon.swift in Sources */,
				1F838CA92B5EC46E00C17A99 /* TodoEditManager.swift in Sources */,
				1F6948A32B765C9C00BEFB0F /* QuickMemoView.swift in Sources */,
				1F638A7E2B32927E004D32C9 /* Dawn.swift in Sources */,
				1F2565FD2B42BD39000CD6CA /* GoalManager.swift in Sources */,
				1F638A6F2B329275004D32C9 /* CalendarView.swift in Sources */,
				1F638A8B2B3292D5004D32C9 /* Tabs.swift in Sources */,
				1F838C942B5EBCE500C17A99 /* GrassView.swift in Sources */,
				1F638A0C2B3291FA004D32C9 /* MainView.swift in Sources */,
				1F59FE8C2B4841600067BEA2 /* CheckListView.swift in Sources */,
				1F1074AE2B6BC6F7002AADEF /* GoalEditManager.swift in Sources */,
				1F69488D2B75E5CA00BEFB0F /* MemoManager.swift in Sources */,
				1F838C9C2B5EBDAD00C17A99 /* RoutineManager.swift in Sources */,
				1F93D5AD2B53850C002FA726 /* SuccessListView.swift in Sources */,
				1F638A662B329275004D32C9 /* CalendarDetailView.swift in Sources */,
				1F638A902B3292DC004D32C9 /* AppState.swift in Sources */,
				1F2565F82B42B6CC000CD6CA /* Goal.swift in Sources */,
				1F59FE7C2B483F5C0067BEA2 /* GoalView.swift in Sources */,
				1F638A6D2B329275004D32C9 /* MSInfinteMonthView.swift in Sources */,
				1F1074AC2B6BC6ED002AADEF /* GoalDBManager.swift in Sources */,
				1F59FE952B484A460067BEA2 /* CheckTab.swift in Sources */,
				1F69489E2B76450F00BEFB0F /* NormalMemoListView.swift in Sources */,
				1F638A692B329275004D32C9 /* Calendar+.swift in Sources */,
				1F838C8F2B5EBC8F00C17A99 /* RoutineFormView.swift in Sources */,
				1F93D5AB2B5384F4002FA726 /* UnderwayListView.swift in Sources */,
				1F10AF5C2B5AD057001EE0A3 /* Int+toEmoji.swift in Sources */,
				1F93EEA12B555E7500A5C757 /* SuccessCellView.swift in Sources */,
				1F59FE8F2B48440A0067BEA2 /* StatisticsView.swift in Sources */,
				1F838CAD2B5EC51300C17A99 /* TodoFilterManager.swift in Sources */,
				1F638A8D2B3292D5004D32C9 /* CustomTabView.swift in Sources */,
				1F638A772B329275004D32C9 /* TodoCellView.swift in Sources */,
				1F6948922B75E80300BEFB0F /* Folder.swift in Sources */,
				1F838C972B5EBD3000C17A99 /* Routine.swift in Sources */,
				1F638A6C2B329275004D32C9 /* Date+.swift in Sources */,
				1F24EF382B3680C700FA6B25 /* CalendarDayView.swift in Sources */,
				1F6948942B75E80B00BEFB0F /* Memo.swift in Sources */,
				1F838C8D2B5EBC7700C17A99 /* RoutineView.swift in Sources */,
				1F12142F2B37106000DB04CD /* SubTodo.swift in Sources */,
				1FCD30EE2B6FD18900A6AA2F /* CalendarManager.swift in Sources */,
				1F638A0A2B3291FA004D32C9 /* NoticeApp.swift in Sources */,
				1F2566082B42D9A0000CD6CA /* GoalDuration.swift in Sources */,
				1F376E822B569ED000DA43AD /* NTColorPicker.swift in Sources */,
				1F59FE932B48463A0067BEA2 /* NTModelContainer.swift in Sources */,
				1F638A6E2B329275004D32C9 /* CalendarFormView.swift in Sources */,
				1F838C9F2B5EBE4600C17A99 /* TodoManager.swift in Sources */,
				1F638A682B329275004D32C9 /* MSCalendar.swift in Sources */,
				1F3771612B49001A00334065 /* NTPicker.swift in Sources */,
				1FB4E21C2B77199D0046FC97 /* NormalMemoView.swift in Sources */,
				1F6948862B75C3C500BEFB0F /* QuickMemoEditView.swift in Sources */,
				1F93EEA32B55680E00A5C757 /* FailureCellView.swift in Sources */,
				1F10AF5A2B5A9AF2001EE0A3 /* NTEmojiPicker.swift in Sources */,
				1F0722022B32D42A008B80A0 /* Todo.swift in Sources */,
				1F638A752B329275004D32C9 /* TodoFormView.swift in Sources */,
				1F838C912B5EBCB400C17A99 /* RoutineCellView.swift in Sources */,
				1F638A6B2B329275004D32C9 /* MSDayView.swift in Sources */,
				1F69489C2B76427300BEFB0F /* QuickMemo.swift in Sources */,
				1F93D5A72B53841E002FA726 /* UnderwayCellView.swift in Sources */,
				1F638A6A2B329275004D32C9 /* MSWeekTitleView.swift in Sources */,
				1F638A802B32927E004D32C9 /* Theme.swift in Sources */,
				1F93D5AF2B538518002FA726 /* FailureListView.swift in Sources */,
				1F638A642B329275004D32C9 /* Event.swift in Sources */,
				1FCD30F32B6FD1D000A6AA2F /* CalendarEditManager.swift in Sources */,
			);
			runOnlyForDeploymentPostprocessing = 0;
		};
		1F638A162B3291FB004D32C9 /* Sources */ = {
			isa = PBXSourcesBuildPhase;
			buildActionMask = 2147483647;
			files = (
				1F638A1F2B3291FB004D32C9 /* NoticeTests.swift in Sources */,
			);
			runOnlyForDeploymentPostprocessing = 0;
		};
		1F638A202B3291FB004D32C9 /* Sources */ = {
			isa = PBXSourcesBuildPhase;
			buildActionMask = 2147483647;
			files = (
				1F638A2B2B3291FB004D32C9 /* NoticeUITestsLaunchTests.swift in Sources */,
				1F638A292B3291FB004D32C9 /* NoticeUITests.swift in Sources */,
			);
			runOnlyForDeploymentPostprocessing = 0;
		};
/* End PBXSourcesBuildPhase section */

/* Begin PBXTargetDependency section */
		1F638A1C2B3291FB004D32C9 /* PBXTargetDependency */ = {
			isa = PBXTargetDependency;
			target = 1F638A052B3291FA004D32C9 /* Notice */;
			targetProxy = 1F638A1B2B3291FB004D32C9 /* PBXContainerItemProxy */;
		};
		1F638A262B3291FB004D32C9 /* PBXTargetDependency */ = {
			isa = PBXTargetDependency;
			target = 1F638A052B3291FA004D32C9 /* Notice */;
			targetProxy = 1F638A252B3291FB004D32C9 /* PBXContainerItemProxy */;
		};
/* End PBXTargetDependency section */

/* Begin XCBuildConfiguration section */
		1F638A2C2B3291FB004D32C9 /* Debug */ = {
			isa = XCBuildConfiguration;
			buildSettings = {
				ALWAYS_SEARCH_USER_PATHS = NO;
				ASSETCATALOG_COMPILER_GENERATE_SWIFT_ASSET_SYMBOL_EXTENSIONS = YES;
				CLANG_ANALYZER_LOCALIZABILITY_NONLOCALIZED = YES;
				CLANG_ANALYZER_NONNULL = YES;
				CLANG_ANALYZER_NUMBER_OBJECT_CONVERSION = YES_AGGRESSIVE;
				CLANG_CXX_LANGUAGE_STANDARD = "gnu++20";
				CLANG_ENABLE_MODULES = YES;
				CLANG_ENABLE_OBJC_ARC = YES;
				CLANG_ENABLE_OBJC_WEAK = YES;
				CLANG_WARN_BLOCK_CAPTURE_AUTORELEASING = YES;
				CLANG_WARN_BOOL_CONVERSION = YES;
				CLANG_WARN_COMMA = YES;
				CLANG_WARN_CONSTANT_CONVERSION = YES;
				CLANG_WARN_DEPRECATED_OBJC_IMPLEMENTATIONS = YES;
				CLANG_WARN_DIRECT_OBJC_ISA_USAGE = YES_ERROR;
				CLANG_WARN_DOCUMENTATION_COMMENTS = YES;
				CLANG_WARN_EMPTY_BODY = YES;
				CLANG_WARN_ENUM_CONVERSION = YES;
				CLANG_WARN_INFINITE_RECURSION = YES;
				CLANG_WARN_INT_CONVERSION = YES;
				CLANG_WARN_NON_LITERAL_NULL_CONVERSION = YES;
				CLANG_WARN_OBJC_IMPLICIT_RETAIN_SELF = YES;
				CLANG_WARN_OBJC_LITERAL_CONVERSION = YES;
				CLANG_WARN_OBJC_ROOT_CLASS = YES_ERROR;
				CLANG_WARN_QUOTED_INCLUDE_IN_FRAMEWORK_HEADER = YES;
				CLANG_WARN_RANGE_LOOP_ANALYSIS = YES;
				CLANG_WARN_STRICT_PROTOTYPES = YES;
				CLANG_WARN_SUSPICIOUS_MOVE = YES;
				CLANG_WARN_UNGUARDED_AVAILABILITY = YES_AGGRESSIVE;
				CLANG_WARN_UNREACHABLE_CODE = YES;
				CLANG_WARN__DUPLICATE_METHOD_MATCH = YES;
				COPY_PHASE_STRIP = NO;
				DEAD_CODE_STRIPPING = YES;
				DEBUG_INFORMATION_FORMAT = dwarf;
				ENABLE_STRICT_OBJC_MSGSEND = YES;
				ENABLE_TESTABILITY = YES;
				ENABLE_USER_SCRIPT_SANDBOXING = YES;
				GCC_C_LANGUAGE_STANDARD = gnu17;
				GCC_DYNAMIC_NO_PIC = NO;
				GCC_NO_COMMON_BLOCKS = YES;
				GCC_OPTIMIZATION_LEVEL = 0;
				GCC_PREPROCESSOR_DEFINITIONS = (
					"DEBUG=1",
					"$(inherited)",
				);
				GCC_WARN_64_TO_32_BIT_CONVERSION = YES;
				GCC_WARN_ABOUT_RETURN_TYPE = YES_ERROR;
				GCC_WARN_UNDECLARED_SELECTOR = YES;
				GCC_WARN_UNINITIALIZED_AUTOS = YES_AGGRESSIVE;
				GCC_WARN_UNUSED_FUNCTION = YES;
				GCC_WARN_UNUSED_VARIABLE = YES;
				LOCALIZATION_PREFERS_STRING_CATALOGS = YES;
				MTL_ENABLE_DEBUG_INFO = INCLUDE_SOURCE;
				MTL_FAST_MATH = YES;
				ONLY_ACTIVE_ARCH = YES;
				SWIFT_ACTIVE_COMPILATION_CONDITIONS = "DEBUG $(inherited)";
				SWIFT_OPTIMIZATION_LEVEL = "-Onone";
			};
			name = Debug;
		};
		1F638A2D2B3291FB004D32C9 /* Release */ = {
			isa = XCBuildConfiguration;
			buildSettings = {
				ALWAYS_SEARCH_USER_PATHS = NO;
				ASSETCATALOG_COMPILER_GENERATE_SWIFT_ASSET_SYMBOL_EXTENSIONS = YES;
				CLANG_ANALYZER_LOCALIZABILITY_NONLOCALIZED = YES;
				CLANG_ANALYZER_NONNULL = YES;
				CLANG_ANALYZER_NUMBER_OBJECT_CONVERSION = YES_AGGRESSIVE;
				CLANG_CXX_LANGUAGE_STANDARD = "gnu++20";
				CLANG_ENABLE_MODULES = YES;
				CLANG_ENABLE_OBJC_ARC = YES;
				CLANG_ENABLE_OBJC_WEAK = YES;
				CLANG_WARN_BLOCK_CAPTURE_AUTORELEASING = YES;
				CLANG_WARN_BOOL_CONVERSION = YES;
				CLANG_WARN_COMMA = YES;
				CLANG_WARN_CONSTANT_CONVERSION = YES;
				CLANG_WARN_DEPRECATED_OBJC_IMPLEMENTATIONS = YES;
				CLANG_WARN_DIRECT_OBJC_ISA_USAGE = YES_ERROR;
				CLANG_WARN_DOCUMENTATION_COMMENTS = YES;
				CLANG_WARN_EMPTY_BODY = YES;
				CLANG_WARN_ENUM_CONVERSION = YES;
				CLANG_WARN_INFINITE_RECURSION = YES;
				CLANG_WARN_INT_CONVERSION = YES;
				CLANG_WARN_NON_LITERAL_NULL_CONVERSION = YES;
				CLANG_WARN_OBJC_IMPLICIT_RETAIN_SELF = YES;
				CLANG_WARN_OBJC_LITERAL_CONVERSION = YES;
				CLANG_WARN_OBJC_ROOT_CLASS = YES_ERROR;
				CLANG_WARN_QUOTED_INCLUDE_IN_FRAMEWORK_HEADER = YES;
				CLANG_WARN_RANGE_LOOP_ANALYSIS = YES;
				CLANG_WARN_STRICT_PROTOTYPES = YES;
				CLANG_WARN_SUSPICIOUS_MOVE = YES;
				CLANG_WARN_UNGUARDED_AVAILABILITY = YES_AGGRESSIVE;
				CLANG_WARN_UNREACHABLE_CODE = YES;
				CLANG_WARN__DUPLICATE_METHOD_MATCH = YES;
				COPY_PHASE_STRIP = NO;
				DEAD_CODE_STRIPPING = YES;
				DEBUG_INFORMATION_FORMAT = "dwarf-with-dsym";
				ENABLE_NS_ASSERTIONS = NO;
				ENABLE_STRICT_OBJC_MSGSEND = YES;
				ENABLE_USER_SCRIPT_SANDBOXING = YES;
				GCC_C_LANGUAGE_STANDARD = gnu17;
				GCC_NO_COMMON_BLOCKS = YES;
				GCC_WARN_64_TO_32_BIT_CONVERSION = YES;
				GCC_WARN_ABOUT_RETURN_TYPE = YES_ERROR;
				GCC_WARN_UNDECLARED_SELECTOR = YES;
				GCC_WARN_UNINITIALIZED_AUTOS = YES_AGGRESSIVE;
				GCC_WARN_UNUSED_FUNCTION = YES;
				GCC_WARN_UNUSED_VARIABLE = YES;
				LOCALIZATION_PREFERS_STRING_CATALOGS = YES;
				MTL_ENABLE_DEBUG_INFO = NO;
				MTL_FAST_MATH = YES;
				SWIFT_COMPILATION_MODE = wholemodule;
			};
			name = Release;
		};
		1F638A2F2B3291FB004D32C9 /* Debug */ = {
			isa = XCBuildConfiguration;
			buildSettings = {
				ASSETCATALOG_COMPILER_APPICON_NAME = AppIcon;
				ASSETCATALOG_COMPILER_GLOBAL_ACCENT_COLOR_NAME = AccentColor;
				CODE_SIGN_ENTITLEMENTS = Notice/Notice.entitlements;
				CODE_SIGN_STYLE = Automatic;
				CURRENT_PROJECT_VERSION = 1;
				DEAD_CODE_STRIPPING = YES;
				DEVELOPMENT_ASSET_PATHS = "\"Notice/Preview Content\"";
				DEVELOPMENT_TEAM = G3RC7ALRKZ;
				ENABLE_HARDENED_RUNTIME = YES;
				ENABLE_PREVIEWS = YES;
				GENERATE_INFOPLIST_FILE = YES;
				INFOPLIST_FILE = Notice/Info.plist;
				"INFOPLIST_KEY_UIApplicationSceneManifest_Generation[sdk=iphoneos*]" = YES;
				"INFOPLIST_KEY_UIApplicationSceneManifest_Generation[sdk=iphonesimulator*]" = YES;
				"INFOPLIST_KEY_UIApplicationSupportsIndirectInputEvents[sdk=iphoneos*]" = YES;
				"INFOPLIST_KEY_UIApplicationSupportsIndirectInputEvents[sdk=iphonesimulator*]" = YES;
				"INFOPLIST_KEY_UILaunchScreen_Generation[sdk=iphoneos*]" = YES;
				"INFOPLIST_KEY_UILaunchScreen_Generation[sdk=iphonesimulator*]" = YES;
				"INFOPLIST_KEY_UIStatusBarStyle[sdk=iphoneos*]" = UIStatusBarStyleDefault;
				"INFOPLIST_KEY_UIStatusBarStyle[sdk=iphonesimulator*]" = UIStatusBarStyleDefault;
				INFOPLIST_KEY_UISupportedInterfaceOrientations_iPad = "UIInterfaceOrientationPortrait UIInterfaceOrientationPortraitUpsideDown UIInterfaceOrientationLandscapeLeft UIInterfaceOrientationLandscapeRight";
				INFOPLIST_KEY_UISupportedInterfaceOrientations_iPhone = "UIInterfaceOrientationPortrait UIInterfaceOrientationLandscapeLeft UIInterfaceOrientationLandscapeRight";
				IPHONEOS_DEPLOYMENT_TARGET = 17.2;
				LD_RUNPATH_SEARCH_PATHS = "@executable_path/Frameworks";
				"LD_RUNPATH_SEARCH_PATHS[sdk=macosx*]" = "@executable_path/../Frameworks";
				MACOSX_DEPLOYMENT_TARGET = 14.0;
				MARKETING_VERSION = 1.0;
				PRODUCT_BUNDLE_IDENTIFIER = com.msdev.Notice;
				PRODUCT_NAME = "$(TARGET_NAME)";
				SDKROOT = auto;
				SUPPORTED_PLATFORMS = "iphoneos iphonesimulator macosx";
				SWIFT_EMIT_LOC_STRINGS = YES;
				SWIFT_VERSION = 5.0;
				TARGETED_DEVICE_FAMILY = "1,2";
			};
			name = Debug;
		};
		1F638A302B3291FB004D32C9 /* Release */ = {
			isa = XCBuildConfiguration;
			buildSettings = {
				ASSETCATALOG_COMPILER_APPICON_NAME = AppIcon;
				ASSETCATALOG_COMPILER_GLOBAL_ACCENT_COLOR_NAME = AccentColor;
				CODE_SIGN_ENTITLEMENTS = Notice/Notice.entitlements;
				CODE_SIGN_STYLE = Automatic;
				CURRENT_PROJECT_VERSION = 1;
				DEAD_CODE_STRIPPING = YES;
				DEVELOPMENT_ASSET_PATHS = "\"Notice/Preview Content\"";
				DEVELOPMENT_TEAM = G3RC7ALRKZ;
				ENABLE_HARDENED_RUNTIME = YES;
				ENABLE_PREVIEWS = YES;
				GENERATE_INFOPLIST_FILE = YES;
				INFOPLIST_FILE = Notice/Info.plist;
				"INFOPLIST_KEY_UIApplicationSceneManifest_Generation[sdk=iphoneos*]" = YES;
				"INFOPLIST_KEY_UIApplicationSceneManifest_Generation[sdk=iphonesimulator*]" = YES;
				"INFOPLIST_KEY_UIApplicationSupportsIndirectInputEvents[sdk=iphoneos*]" = YES;
				"INFOPLIST_KEY_UIApplicationSupportsIndirectInputEvents[sdk=iphonesimulator*]" = YES;
				"INFOPLIST_KEY_UILaunchScreen_Generation[sdk=iphoneos*]" = YES;
				"INFOPLIST_KEY_UILaunchScreen_Generation[sdk=iphonesimulator*]" = YES;
				"INFOPLIST_KEY_UIStatusBarStyle[sdk=iphoneos*]" = UIStatusBarStyleDefault;
				"INFOPLIST_KEY_UIStatusBarStyle[sdk=iphonesimulator*]" = UIStatusBarStyleDefault;
				INFOPLIST_KEY_UISupportedInterfaceOrientations_iPad = "UIInterfaceOrientationPortrait UIInterfaceOrientationPortraitUpsideDown UIInterfaceOrientationLandscapeLeft UIInterfaceOrientationLandscapeRight";
				INFOPLIST_KEY_UISupportedInterfaceOrientations_iPhone = "UIInterfaceOrientationPortrait UIInterfaceOrientationLandscapeLeft UIInterfaceOrientationLandscapeRight";
				IPHONEOS_DEPLOYMENT_TARGET = 17.2;
				LD_RUNPATH_SEARCH_PATHS = "@executable_path/Frameworks";
				"LD_RUNPATH_SEARCH_PATHS[sdk=macosx*]" = "@executable_path/../Frameworks";
				MACOSX_DEPLOYMENT_TARGET = 14.0;
				MARKETING_VERSION = 1.0;
				PRODUCT_BUNDLE_IDENTIFIER = com.msdev.Notice;
				PRODUCT_NAME = "$(TARGET_NAME)";
				SDKROOT = auto;
				SUPPORTED_PLATFORMS = "iphoneos iphonesimulator macosx";
				SWIFT_EMIT_LOC_STRINGS = YES;
				SWIFT_VERSION = 5.0;
				TARGETED_DEVICE_FAMILY = "1,2";
			};
			name = Release;
		};
		1F638A322B3291FB004D32C9 /* Debug */ = {
			isa = XCBuildConfiguration;
			buildSettings = {
				ALWAYS_EMBED_SWIFT_STANDARD_LIBRARIES = YES;
				BUNDLE_LOADER = "$(TEST_HOST)";
				CODE_SIGN_STYLE = Automatic;
				CURRENT_PROJECT_VERSION = 1;
				DEAD_CODE_STRIPPING = YES;
				DEVELOPMENT_TEAM = G3RC7ALRKZ;
				GENERATE_INFOPLIST_FILE = YES;
				IPHONEOS_DEPLOYMENT_TARGET = 17.2;
				MACOSX_DEPLOYMENT_TARGET = 14.2;
				MARKETING_VERSION = 1.0;
				PRODUCT_BUNDLE_IDENTIFIER = com.msdev.NoticeTests;
				PRODUCT_NAME = "$(TARGET_NAME)";
				SDKROOT = auto;
				SUPPORTED_PLATFORMS = "iphoneos iphonesimulator macosx";
				SWIFT_EMIT_LOC_STRINGS = NO;
				SWIFT_VERSION = 5.0;
				TARGETED_DEVICE_FAMILY = "1,2";
				TEST_HOST = "$(BUILT_PRODUCTS_DIR)/Notice.app/$(BUNDLE_EXECUTABLE_FOLDER_PATH)/Notice";
			};
			name = Debug;
		};
		1F638A332B3291FB004D32C9 /* Release */ = {
			isa = XCBuildConfiguration;
			buildSettings = {
				ALWAYS_EMBED_SWIFT_STANDARD_LIBRARIES = YES;
				BUNDLE_LOADER = "$(TEST_HOST)";
				CODE_SIGN_STYLE = Automatic;
				CURRENT_PROJECT_VERSION = 1;
				DEAD_CODE_STRIPPING = YES;
				DEVELOPMENT_TEAM = G3RC7ALRKZ;
				GENERATE_INFOPLIST_FILE = YES;
				IPHONEOS_DEPLOYMENT_TARGET = 17.2;
				MACOSX_DEPLOYMENT_TARGET = 14.2;
				MARKETING_VERSION = 1.0;
				PRODUCT_BUNDLE_IDENTIFIER = com.msdev.NoticeTests;
				PRODUCT_NAME = "$(TARGET_NAME)";
				SDKROOT = auto;
				SUPPORTED_PLATFORMS = "iphoneos iphonesimulator macosx";
				SWIFT_EMIT_LOC_STRINGS = NO;
				SWIFT_VERSION = 5.0;
				TARGETED_DEVICE_FAMILY = "1,2";
				TEST_HOST = "$(BUILT_PRODUCTS_DIR)/Notice.app/$(BUNDLE_EXECUTABLE_FOLDER_PATH)/Notice";
			};
			name = Release;
		};
		1F638A352B3291FB004D32C9 /* Debug */ = {
			isa = XCBuildConfiguration;
			buildSettings = {
				ALWAYS_EMBED_SWIFT_STANDARD_LIBRARIES = YES;
				CODE_SIGN_STYLE = Automatic;
				CURRENT_PROJECT_VERSION = 1;
				DEAD_CODE_STRIPPING = YES;
				DEVELOPMENT_TEAM = G3RC7ALRKZ;
				GENERATE_INFOPLIST_FILE = YES;
				IPHONEOS_DEPLOYMENT_TARGET = 17.2;
				MACOSX_DEPLOYMENT_TARGET = 14.2;
				MARKETING_VERSION = 1.0;
				PRODUCT_BUNDLE_IDENTIFIER = com.msdev.NoticeUITests;
				PRODUCT_NAME = "$(TARGET_NAME)";
				SDKROOT = auto;
				SUPPORTED_PLATFORMS = "iphoneos iphonesimulator macosx";
				SWIFT_EMIT_LOC_STRINGS = NO;
				SWIFT_VERSION = 5.0;
				TARGETED_DEVICE_FAMILY = "1,2";
				TEST_TARGET_NAME = Notice;
			};
			name = Debug;
		};
		1F638A362B3291FB004D32C9 /* Release */ = {
			isa = XCBuildConfiguration;
			buildSettings = {
				ALWAYS_EMBED_SWIFT_STANDARD_LIBRARIES = YES;
				CODE_SIGN_STYLE = Automatic;
				CURRENT_PROJECT_VERSION = 1;
				DEAD_CODE_STRIPPING = YES;
				DEVELOPMENT_TEAM = G3RC7ALRKZ;
				GENERATE_INFOPLIST_FILE = YES;
				IPHONEOS_DEPLOYMENT_TARGET = 17.2;
				MACOSX_DEPLOYMENT_TARGET = 14.2;
				MARKETING_VERSION = 1.0;
				PRODUCT_BUNDLE_IDENTIFIER = com.msdev.NoticeUITests;
				PRODUCT_NAME = "$(TARGET_NAME)";
				SDKROOT = auto;
				SUPPORTED_PLATFORMS = "iphoneos iphonesimulator macosx";
				SWIFT_EMIT_LOC_STRINGS = NO;
				SWIFT_VERSION = 5.0;
				TARGETED_DEVICE_FAMILY = "1,2";
				TEST_TARGET_NAME = Notice;
			};
			name = Release;
		};
/* End XCBuildConfiguration section */

/* Begin XCConfigurationList section */
		1F638A012B3291F9004D32C9 /* Build configuration list for PBXProject "Notice" */ = {
			isa = XCConfigurationList;
			buildConfigurations = (
				1F638A2C2B3291FB004D32C9 /* Debug */,
				1F638A2D2B3291FB004D32C9 /* Release */,
			);
			defaultConfigurationIsVisible = 0;
			defaultConfigurationName = Release;
		};
		1F638A2E2B3291FB004D32C9 /* Build configuration list for PBXNativeTarget "Notice" */ = {
			isa = XCConfigurationList;
			buildConfigurations = (
				1F638A2F2B3291FB004D32C9 /* Debug */,
				1F638A302B3291FB004D32C9 /* Release */,
			);
			defaultConfigurationIsVisible = 0;
			defaultConfigurationName = Release;
		};
		1F638A312B3291FB004D32C9 /* Build configuration list for PBXNativeTarget "NoticeTests" */ = {
			isa = XCConfigurationList;
			buildConfigurations = (
				1F638A322B3291FB004D32C9 /* Debug */,
				1F638A332B3291FB004D32C9 /* Release */,
			);
			defaultConfigurationIsVisible = 0;
			defaultConfigurationName = Release;
		};
		1F638A342B3291FB004D32C9 /* Build configuration list for PBXNativeTarget "NoticeUITests" */ = {
			isa = XCConfigurationList;
			buildConfigurations = (
				1F638A352B3291FB004D32C9 /* Debug */,
				1F638A362B3291FB004D32C9 /* Release */,
			);
			defaultConfigurationIsVisible = 0;
			defaultConfigurationName = Release;
		};
/* End XCConfigurationList section */

/* Begin XCRemoteSwiftPackageReference section */
		1FA456122B5E997B001A853F /* XCRemoteSwiftPackageReference "AlertToast" */ = {
			isa = XCRemoteSwiftPackageReference;
			repositoryURL = "https://github.com/elai950/AlertToast.git";
			requirement = {
				kind = upToNextMinorVersion;
				minimumVersion = 1.3.9;
			};
		};
/* End XCRemoteSwiftPackageReference section */

/* Begin XCSwiftPackageProductDependency section */
		1FA456132B5E997B001A853F /* AlertToast */ = {
			isa = XCSwiftPackageProductDependency;
			package = 1FA456122B5E997B001A853F /* XCRemoteSwiftPackageReference "AlertToast" */;
			productName = AlertToast;
		};
/* End XCSwiftPackageProductDependency section */
	};
	rootObject = 1F6389FE2B3291F9004D32C9 /* Project object */;
}
